// !$*UTF8*$!
{
	archiveVersion = 1;
	classes = {
	};
	objectVersion = 46;
	objects = {

/* Begin PBXBuildFile section */
		4820460714A41D7C001120C1 /* Util.m in Sources */ = {isa = PBXBuildFile; fileRef = 4820460614A41D7C001120C1 /* Util.m */; };
		4820461C14A45E69001120C1 /* EventPage.m in Sources */ = {isa = PBXBuildFile; fileRef = 4820461914A45E69001120C1 /* EventPage.m */; };
		4832407C14A9A4150084584F /* AvatorCell.m in Sources */ = {isa = PBXBuildFile; fileRef = 4832407A14A9A4150084584F /* AvatorCell.m */; };
		4832408914A9B9BC0084584F /* EventCell.m in Sources */ = {isa = PBXBuildFile; fileRef = 4832408814A9B9BC0084584F /* EventCell.m */; };
		4889E0BA14AC10FB00067D66 /* MessageWriter.m in Sources */ = {isa = PBXBuildFile; fileRef = 4889E0B914AC10FB00067D66 /* MessageWriter.m */; };
		4889E0BD14AC11DF00067D66 /* MessageReader.m in Sources */ = {isa = PBXBuildFile; fileRef = 4889E0BC14AC11DF00067D66 /* MessageReader.m */; };
		48917C2714A857B600C72AE9 /* ImageV.m in Sources */ = {isa = PBXBuildFile; fileRef = 48917C2614A857B600C72AE9 /* ImageV.m */; };
		48917C2B14A8682300C72AE9 /* FoodPage.m in Sources */ = {isa = PBXBuildFile; fileRef = 48917C2914A8682300C72AE9 /* FoodPage.m */; };
		48917C2C14A8682300C72AE9 /* FoodPage.xib in Resources */ = {isa = PBXBuildFile; fileRef = 48917C2A14A8682300C72AE9 /* FoodPage.xib */; };
		48917C3314A86E0800C72AE9 /* FoodImageCell.m in Sources */ = {isa = PBXBuildFile; fileRef = 48917C3114A86E0800C72AE9 /* FoodImageCell.m */; };
		48917C3414A86E0800C72AE9 /* FoodImageCell.xib in Resources */ = {isa = PBXBuildFile; fileRef = 48917C3214A86E0800C72AE9 /* FoodImageCell.xib */; };
		489313571499D124004A4250 /* UserInfoPage.m in Sources */ = {isa = PBXBuildFile; fileRef = 489313551499D124004A4250 /* UserInfoPage.m */; };
		48CE90E114AD4B7100B1E9D3 /* EventMessage.m in Sources */ = {isa = PBXBuildFile; fileRef = 48CE90E014AD4B7100B1E9D3 /* EventMessage.m */; };
		48CE90E414AD4BD200B1E9D3 /* LoginMessage.m in Sources */ = {isa = PBXBuildFile; fileRef = 48CE90E314AD4BD200B1E9D3 /* LoginMessage.m */; };
		48CE911714AD9D0B00B1E9D3 /* NSObject+SBJson.m in Sources */ = {isa = PBXBuildFile; fileRef = 48CE90EA14AD9D0B00B1E9D3 /* NSObject+SBJson.m */; };
		48CE911814AD9D0B00B1E9D3 /* SBJsonParser.m in Sources */ = {isa = PBXBuildFile; fileRef = 48CE90ED14AD9D0B00B1E9D3 /* SBJsonParser.m */; };
		48CE911914AD9D0B00B1E9D3 /* SBJsonStreamParser.m in Sources */ = {isa = PBXBuildFile; fileRef = 48CE90EF14AD9D0B00B1E9D3 /* SBJsonStreamParser.m */; };
		48CE911A14AD9D0B00B1E9D3 /* SBJsonStreamParserAccumulator.m in Sources */ = {isa = PBXBuildFile; fileRef = 48CE90F114AD9D0B00B1E9D3 /* SBJsonStreamParserAccumulator.m */; };
		48CE911B14AD9D0B00B1E9D3 /* SBJsonStreamParserAdapter.m in Sources */ = {isa = PBXBuildFile; fileRef = 48CE90F314AD9D0B00B1E9D3 /* SBJsonStreamParserAdapter.m */; };
		48CE911C14AD9D0B00B1E9D3 /* SBJsonStreamParserState.m in Sources */ = {isa = PBXBuildFile; fileRef = 48CE90F514AD9D0B00B1E9D3 /* SBJsonStreamParserState.m */; };
		48CE911D14AD9D0B00B1E9D3 /* SBJsonStreamWriter.m in Sources */ = {isa = PBXBuildFile; fileRef = 48CE90F714AD9D0B00B1E9D3 /* SBJsonStreamWriter.m */; };
		48CE911E14AD9D0B00B1E9D3 /* SBJsonStreamWriterAccumulator.m in Sources */ = {isa = PBXBuildFile; fileRef = 48CE90F914AD9D0B00B1E9D3 /* SBJsonStreamWriterAccumulator.m */; };
		48CE911F14AD9D0B00B1E9D3 /* SBJsonStreamWriterState.m in Sources */ = {isa = PBXBuildFile; fileRef = 48CE90FB14AD9D0B00B1E9D3 /* SBJsonStreamWriterState.m */; };
		48CE912014AD9D0B00B1E9D3 /* SBJsonTokeniser.m in Sources */ = {isa = PBXBuildFile; fileRef = 48CE90FD14AD9D0B00B1E9D3 /* SBJsonTokeniser.m */; };
		48CE912114AD9D0B00B1E9D3 /* SBJsonUTF8Stream.m in Sources */ = {isa = PBXBuildFile; fileRef = 48CE90FF14AD9D0B00B1E9D3 /* SBJsonUTF8Stream.m */; };
		48CE912214AD9D0B00B1E9D3 /* SBJsonWriter.m in Sources */ = {isa = PBXBuildFile; fileRef = 48CE910114AD9D0B00B1E9D3 /* SBJsonWriter.m */; };
		48CE912314AD9D0B00B1E9D3 /* SDImageCache.m in Sources */ = {isa = PBXBuildFile; fileRef = 48CE910414AD9D0B00B1E9D3 /* SDImageCache.m */; };
		48CE912414AD9D0B00B1E9D3 /* SDNetworkActivityIndicator.m in Sources */ = {isa = PBXBuildFile; fileRef = 48CE910714AD9D0B00B1E9D3 /* SDNetworkActivityIndicator.m */; };
		48CE912514AD9D0B00B1E9D3 /* SDWebImageDecoder.m in Sources */ = {isa = PBXBuildFile; fileRef = 48CE910A14AD9D0B00B1E9D3 /* SDWebImageDecoder.m */; };
		48CE912614AD9D0B00B1E9D3 /* SDWebImageDownloader.m in Sources */ = {isa = PBXBuildFile; fileRef = 48CE910C14AD9D0B00B1E9D3 /* SDWebImageDownloader.m */; };
		48CE912714AD9D0B00B1E9D3 /* SDWebImageManager.m in Sources */ = {isa = PBXBuildFile; fileRef = 48CE910F14AD9D0B00B1E9D3 /* SDWebImageManager.m */; };
		48CE912814AD9D0B00B1E9D3 /* SDWebImagePrefetcher.m in Sources */ = {isa = PBXBuildFile; fileRef = 48CE911214AD9D0B00B1E9D3 /* SDWebImagePrefetcher.m */; };
		48CE912914AD9D0B00B1E9D3 /* UIButton+WebCache.m in Sources */ = {isa = PBXBuildFile; fileRef = 48CE911414AD9D0B00B1E9D3 /* UIButton+WebCache.m */; };
		48CE912A14AD9D0B00B1E9D3 /* UIImageView+WebCache.m in Sources */ = {isa = PBXBuildFile; fileRef = 48CE911614AD9D0B00B1E9D3 /* UIImageView+WebCache.m */; };
		48CE913414AD9DBE00B1E9D3 /* blackArrow.png in Resources */ = {isa = PBXBuildFile; fileRef = 48CE912C14AD9DBE00B1E9D3 /* blackArrow.png */; };
		48CE913514AD9DBE00B1E9D3 /* blackArrow@2x.png in Resources */ = {isa = PBXBuildFile; fileRef = 48CE912D14AD9DBE00B1E9D3 /* blackArrow@2x.png */; };
		48CE913614AD9DBE00B1E9D3 /* blueArrow.png in Resources */ = {isa = PBXBuildFile; fileRef = 48CE912E14AD9DBE00B1E9D3 /* blueArrow.png */; };
		48CE913714AD9DBE00B1E9D3 /* blueArrow@2x.png in Resources */ = {isa = PBXBuildFile; fileRef = 48CE912F14AD9DBE00B1E9D3 /* blueArrow@2x.png */; };
		48CE913814AD9DBE00B1E9D3 /* grayArrow.png in Resources */ = {isa = PBXBuildFile; fileRef = 48CE913014AD9DBE00B1E9D3 /* grayArrow.png */; };
		48CE913914AD9DBE00B1E9D3 /* grayArrow@2x.png in Resources */ = {isa = PBXBuildFile; fileRef = 48CE913114AD9DBE00B1E9D3 /* grayArrow@2x.png */; };
		48CE913A14AD9DBE00B1E9D3 /* whiteArrow.png in Resources */ = {isa = PBXBuildFile; fileRef = 48CE913214AD9DBE00B1E9D3 /* whiteArrow.png */; };
		48CE913B14AD9DBE00B1E9D3 /* whiteArrow@2x.png in Resources */ = {isa = PBXBuildFile; fileRef = 48CE913314AD9DBE00B1E9D3 /* whiteArrow@2x.png */; };
		48CE913F14AD9DD100B1E9D3 /* EGORefreshTableHeaderView.m in Sources */ = {isa = PBXBuildFile; fileRef = 48CE913E14AD9DD100B1E9D3 /* EGORefreshTableHeaderView.m */; };
		48CE914514ADA0A700B1E9D3 /* QuartzCore.framework in Frameworks */ = {isa = PBXBuildFile; fileRef = 48CE914414ADA0A700B1E9D3 /* QuartzCore.framework */; };
		48CE914714ADF06600B1E9D3 /* p_gray.gif in Resources */ = {isa = PBXBuildFile; fileRef = 48CE914614ADF06600B1E9D3 /* p_gray.gif */; };
		48EA6D5A14998A84008AE765 /* UIKit.framework in Frameworks */ = {isa = PBXBuildFile; fileRef = 48EA6D5914998A84008AE765 /* UIKit.framework */; };
		48EA6D5C14998A84008AE765 /* Foundation.framework in Frameworks */ = {isa = PBXBuildFile; fileRef = 48EA6D5B14998A84008AE765 /* Foundation.framework */; };
		48EA6D5E14998A84008AE765 /* CoreGraphics.framework in Frameworks */ = {isa = PBXBuildFile; fileRef = 48EA6D5D14998A84008AE765 /* CoreGraphics.framework */; };
		48EA6D6014998A84008AE765 /* CoreData.framework in Frameworks */ = {isa = PBXBuildFile; fileRef = 48EA6D5F14998A84008AE765 /* CoreData.framework */; };
		48EA6D6614998A84008AE765 /* InfoPlist.strings in Resources */ = {isa = PBXBuildFile; fileRef = 48EA6D6414998A84008AE765 /* InfoPlist.strings */; };
		48EA6D6814998A84008AE765 /* main.m in Sources */ = {isa = PBXBuildFile; fileRef = 48EA6D6714998A84008AE765 /* main.m */; };
		48EA6D6C14998A84008AE765 /* AppDelegate.m in Sources */ = {isa = PBXBuildFile; fileRef = 48EA6D6B14998A84008AE765 /* AppDelegate.m */; };
		48EA6D6F14998A85008AE765 /* Prototype.xcdatamodeld in Sources */ = {isa = PBXBuildFile; fileRef = 48EA6D6D14998A85008AE765 /* Prototype.xcdatamodeld */; };
		48EA6D7A14998B10008AE765 /* StartPage.m in Sources */ = {isa = PBXBuildFile; fileRef = 48EA6D7814998B10008AE765 /* StartPage.m */; };
		48EA6D7B14998B10008AE765 /* StartPage.xib in Resources */ = {isa = PBXBuildFile; fileRef = 48EA6D7914998B10008AE765 /* StartPage.xib */; };
		48EB985F14A0649600466A4E /* NetworkService.m in Sources */ = {isa = PBXBuildFile; fileRef = 48EB985E14A0649600466A4E /* NetworkService.m */; };
/* End PBXBuildFile section */

/* Begin PBXFileReference section */
		4820460514A41D7C001120C1 /* Util.h */ = {isa = PBXFileReference; fileEncoding = 4; lastKnownFileType = sourcecode.c.h; name = Util.h; path = Util/Util.h; sourceTree = "<group>"; };
		4820460614A41D7C001120C1 /* Util.m */ = {isa = PBXFileReference; fileEncoding = 4; lastKnownFileType = sourcecode.c.objc; name = Util.m; path = Util/Util.m; sourceTree = "<group>"; };
		4820461814A45E69001120C1 /* EventPage.h */ = {isa = PBXFileReference; fileEncoding = 4; lastKnownFileType = sourcecode.c.h; name = EventPage.h; path = View/Event/EventPage.h; sourceTree = "<group>"; };
		4820461914A45E69001120C1 /* EventPage.m */ = {isa = PBXFileReference; fileEncoding = 4; lastKnownFileType = sourcecode.c.objc; lineEnding = 0; name = EventPage.m; path = View/Event/EventPage.m; sourceTree = "<group>"; xcLanguageSpecificationIdentifier = xcode.lang.objc; };
		4832407914A9A4150084584F /* AvatorCell.h */ = {isa = PBXFileReference; fileEncoding = 4; lastKnownFileType = sourcecode.c.h; name = AvatorCell.h; path = View/UserInformation/AvatorCell.h; sourceTree = "<group>"; };
		4832407A14A9A4150084584F /* AvatorCell.m */ = {isa = PBXFileReference; fileEncoding = 4; lastKnownFileType = sourcecode.c.objc; name = AvatorCell.m; path = View/UserInformation/AvatorCell.m; sourceTree = "<group>"; };
		4832408714A9B9BC0084584F /* EventCell.h */ = {isa = PBXFileReference; fileEncoding = 4; lastKnownFileType = sourcecode.c.h; name = EventCell.h; path = View/Event/EventCell.h; sourceTree = "<group>"; };
		4832408814A9B9BC0084584F /* EventCell.m */ = {isa = PBXFileReference; fileEncoding = 4; lastKnownFileType = sourcecode.c.objc; name = EventCell.m; path = View/Event/EventCell.m; sourceTree = "<group>"; };
		4889E0B814AC10FB00067D66 /* Message.h */ = {isa = PBXFileReference; fileEncoding = 4; lastKnownFileType = sourcecode.c.h; path = Message.h; sourceTree = "<group>"; };
		4889E0B914AC10FB00067D66 /* MessageWriter.m */ = {isa = PBXFileReference; fileEncoding = 4; lastKnownFileType = sourcecode.c.objc; path = MessageWriter.m; sourceTree = "<group>"; };
		4889E0BC14AC11DF00067D66 /* MessageReader.m */ = {isa = PBXFileReference; fileEncoding = 4; lastKnownFileType = sourcecode.c.objc; path = MessageReader.m; sourceTree = "<group>"; };
		48917C2514A857B600C72AE9 /* ImageV.h */ = {isa = PBXFileReference; fileEncoding = 4; lastKnownFileType = sourcecode.c.h; name = ImageV.h; path = View/ImageV.h; sourceTree = "<group>"; };
		48917C2614A857B600C72AE9 /* ImageV.m */ = {isa = PBXFileReference; fileEncoding = 4; lastKnownFileType = sourcecode.c.objc; name = ImageV.m; path = View/ImageV.m; sourceTree = "<group>"; };
		48917C2814A8682300C72AE9 /* FoodPage.h */ = {isa = PBXFileReference; fileEncoding = 4; lastKnownFileType = sourcecode.c.h; name = FoodPage.h; path = View/Food/FoodPage.h; sourceTree = "<group>"; };
		48917C2914A8682300C72AE9 /* FoodPage.m */ = {isa = PBXFileReference; fileEncoding = 4; lastKnownFileType = sourcecode.c.objc; lineEnding = 0; name = FoodPage.m; path = View/Food/FoodPage.m; sourceTree = "<group>"; xcLanguageSpecificationIdentifier = xcode.lang.objc; };
		48917C2A14A8682300C72AE9 /* FoodPage.xib */ = {isa = PBXFileReference; fileEncoding = 4; lastKnownFileType = file.xib; name = FoodPage.xib; path = View/Food/FoodPage.xib; sourceTree = "<group>"; };
		48917C3014A86E0800C72AE9 /* FoodImageCell.h */ = {isa = PBXFileReference; fileEncoding = 4; lastKnownFileType = sourcecode.c.h; name = FoodImageCell.h; path = View/Food/FoodImageCell.h; sourceTree = "<group>"; };
		48917C3114A86E0800C72AE9 /* FoodImageCell.m */ = {isa = PBXFileReference; fileEncoding = 4; lastKnownFileType = sourcecode.c.objc; name = FoodImageCell.m; path = View/Food/FoodImageCell.m; sourceTree = "<group>"; };
		48917C3214A86E0800C72AE9 /* FoodImageCell.xib */ = {isa = PBXFileReference; fileEncoding = 4; lastKnownFileType = file.xib; name = FoodImageCell.xib; path = View/Food/FoodImageCell.xib; sourceTree = "<group>"; };
		489313541499D124004A4250 /* UserInfoPage.h */ = {isa = PBXFileReference; fileEncoding = 4; lastKnownFileType = sourcecode.c.h; name = UserInfoPage.h; path = View/UserInformation/UserInfoPage.h; sourceTree = "<group>"; };
		489313551499D124004A4250 /* UserInfoPage.m */ = {isa = PBXFileReference; fileEncoding = 4; lastKnownFileType = sourcecode.c.objc; name = UserInfoPage.m; path = View/UserInformation/UserInfoPage.m; sourceTree = "<group>"; };
		48CE90DF14AD4B7100B1E9D3 /* EventMessage.h */ = {isa = PBXFileReference; fileEncoding = 4; lastKnownFileType = sourcecode.c.h; name = EventMessage.h; path = Message/EventMessage.h; sourceTree = "<group>"; };
		48CE90E014AD4B7100B1E9D3 /* EventMessage.m */ = {isa = PBXFileReference; fileEncoding = 4; lastKnownFileType = sourcecode.c.objc; name = EventMessage.m; path = Message/EventMessage.m; sourceTree = "<group>"; };
		48CE90E214AD4BD200B1E9D3 /* LoginMessage.h */ = {isa = PBXFileReference; fileEncoding = 4; lastKnownFileType = sourcecode.c.h; name = LoginMessage.h; path = Message/LoginMessage.h; sourceTree = "<group>"; };
		48CE90E314AD4BD200B1E9D3 /* LoginMessage.m */ = {isa = PBXFileReference; fileEncoding = 4; lastKnownFileType = sourcecode.c.objc; name = LoginMessage.m; path = Message/LoginMessage.m; sourceTree = "<group>"; };
		48CE90E814AD9D0B00B1E9D3 /* JSON.h */ = {isa = PBXFileReference; fileEncoding = 4; lastKnownFileType = sourcecode.c.h; path = JSON.h; sourceTree = "<group>"; };
		48CE90E914AD9D0B00B1E9D3 /* NSObject+SBJson.h */ = {isa = PBXFileReference; fileEncoding = 4; lastKnownFileType = sourcecode.c.h; path = "NSObject+SBJson.h"; sourceTree = "<group>"; };
		48CE90EA14AD9D0B00B1E9D3 /* NSObject+SBJson.m */ = {isa = PBXFileReference; fileEncoding = 4; lastKnownFileType = sourcecode.c.objc; path = "NSObject+SBJson.m"; sourceTree = "<group>"; };
		48CE90EB14AD9D0B00B1E9D3 /* SBJson.h */ = {isa = PBXFileReference; fileEncoding = 4; lastKnownFileType = sourcecode.c.h; path = SBJson.h; sourceTree = "<group>"; };
		48CE90EC14AD9D0B00B1E9D3 /* SBJsonParser.h */ = {isa = PBXFileReference; fileEncoding = 4; lastKnownFileType = sourcecode.c.h; path = SBJsonParser.h; sourceTree = "<group>"; };
		48CE90ED14AD9D0B00B1E9D3 /* SBJsonParser.m */ = {isa = PBXFileReference; fileEncoding = 4; lastKnownFileType = sourcecode.c.objc; path = SBJsonParser.m; sourceTree = "<group>"; };
		48CE90EE14AD9D0B00B1E9D3 /* SBJsonStreamParser.h */ = {isa = PBXFileReference; fileEncoding = 4; lastKnownFileType = sourcecode.c.h; path = SBJsonStreamParser.h; sourceTree = "<group>"; };
		48CE90EF14AD9D0B00B1E9D3 /* SBJsonStreamParser.m */ = {isa = PBXFileReference; fileEncoding = 4; lastKnownFileType = sourcecode.c.objc; path = SBJsonStreamParser.m; sourceTree = "<group>"; };
		48CE90F014AD9D0B00B1E9D3 /* SBJsonStreamParserAccumulator.h */ = {isa = PBXFileReference; fileEncoding = 4; lastKnownFileType = sourcecode.c.h; path = SBJsonStreamParserAccumulator.h; sourceTree = "<group>"; };
		48CE90F114AD9D0B00B1E9D3 /* SBJsonStreamParserAccumulator.m */ = {isa = PBXFileReference; fileEncoding = 4; lastKnownFileType = sourcecode.c.objc; path = SBJsonStreamParserAccumulator.m; sourceTree = "<group>"; };
		48CE90F214AD9D0B00B1E9D3 /* SBJsonStreamParserAdapter.h */ = {isa = PBXFileReference; fileEncoding = 4; lastKnownFileType = sourcecode.c.h; path = SBJsonStreamParserAdapter.h; sourceTree = "<group>"; };
		48CE90F314AD9D0B00B1E9D3 /* SBJsonStreamParserAdapter.m */ = {isa = PBXFileReference; fileEncoding = 4; lastKnownFileType = sourcecode.c.objc; path = SBJsonStreamParserAdapter.m; sourceTree = "<group>"; };
		48CE90F414AD9D0B00B1E9D3 /* SBJsonStreamParserState.h */ = {isa = PBXFileReference; fileEncoding = 4; lastKnownFileType = sourcecode.c.h; path = SBJsonStreamParserState.h; sourceTree = "<group>"; };
		48CE90F514AD9D0B00B1E9D3 /* SBJsonStreamParserState.m */ = {isa = PBXFileReference; fileEncoding = 4; lastKnownFileType = sourcecode.c.objc; path = SBJsonStreamParserState.m; sourceTree = "<group>"; };
		48CE90F614AD9D0B00B1E9D3 /* SBJsonStreamWriter.h */ = {isa = PBXFileReference; fileEncoding = 4; lastKnownFileType = sourcecode.c.h; path = SBJsonStreamWriter.h; sourceTree = "<group>"; };
		48CE90F714AD9D0B00B1E9D3 /* SBJsonStreamWriter.m */ = {isa = PBXFileReference; fileEncoding = 4; lastKnownFileType = sourcecode.c.objc; path = SBJsonStreamWriter.m; sourceTree = "<group>"; };
		48CE90F814AD9D0B00B1E9D3 /* SBJsonStreamWriterAccumulator.h */ = {isa = PBXFileReference; fileEncoding = 4; lastKnownFileType = sourcecode.c.h; path = SBJsonStreamWriterAccumulator.h; sourceTree = "<group>"; };
		48CE90F914AD9D0B00B1E9D3 /* SBJsonStreamWriterAccumulator.m */ = {isa = PBXFileReference; fileEncoding = 4; lastKnownFileType = sourcecode.c.objc; path = SBJsonStreamWriterAccumulator.m; sourceTree = "<group>"; };
		48CE90FA14AD9D0B00B1E9D3 /* SBJsonStreamWriterState.h */ = {isa = PBXFileReference; fileEncoding = 4; lastKnownFileType = sourcecode.c.h; path = SBJsonStreamWriterState.h; sourceTree = "<group>"; };
		48CE90FB14AD9D0B00B1E9D3 /* SBJsonStreamWriterState.m */ = {isa = PBXFileReference; fileEncoding = 4; lastKnownFileType = sourcecode.c.objc; path = SBJsonStreamWriterState.m; sourceTree = "<group>"; };
		48CE90FC14AD9D0B00B1E9D3 /* SBJsonTokeniser.h */ = {isa = PBXFileReference; fileEncoding = 4; lastKnownFileType = sourcecode.c.h; path = SBJsonTokeniser.h; sourceTree = "<group>"; };
		48CE90FD14AD9D0B00B1E9D3 /* SBJsonTokeniser.m */ = {isa = PBXFileReference; fileEncoding = 4; lastKnownFileType = sourcecode.c.objc; path = SBJsonTokeniser.m; sourceTree = "<group>"; };
		48CE90FE14AD9D0B00B1E9D3 /* SBJsonUTF8Stream.h */ = {isa = PBXFileReference; fileEncoding = 4; lastKnownFileType = sourcecode.c.h; path = SBJsonUTF8Stream.h; sourceTree = "<group>"; };
		48CE90FF14AD9D0B00B1E9D3 /* SBJsonUTF8Stream.m */ = {isa = PBXFileReference; fileEncoding = 4; lastKnownFileType = sourcecode.c.objc; path = SBJsonUTF8Stream.m; sourceTree = "<group>"; };
		48CE910014AD9D0B00B1E9D3 /* SBJsonWriter.h */ = {isa = PBXFileReference; fileEncoding = 4; lastKnownFileType = sourcecode.c.h; path = SBJsonWriter.h; sourceTree = "<group>"; };
		48CE910114AD9D0B00B1E9D3 /* SBJsonWriter.m */ = {isa = PBXFileReference; fileEncoding = 4; lastKnownFileType = sourcecode.c.objc; path = SBJsonWriter.m; sourceTree = "<group>"; };
		48CE910314AD9D0B00B1E9D3 /* SDImageCache.h */ = {isa = PBXFileReference; fileEncoding = 4; lastKnownFileType = sourcecode.c.h; path = SDImageCache.h; sourceTree = "<group>"; };
		48CE910414AD9D0B00B1E9D3 /* SDImageCache.m */ = {isa = PBXFileReference; fileEncoding = 4; lastKnownFileType = sourcecode.c.objc; path = SDImageCache.m; sourceTree = "<group>"; };
		48CE910514AD9D0B00B1E9D3 /* SDImageCacheDelegate.h */ = {isa = PBXFileReference; fileEncoding = 4; lastKnownFileType = sourcecode.c.h; path = SDImageCacheDelegate.h; sourceTree = "<group>"; };
		48CE910614AD9D0B00B1E9D3 /* SDNetworkActivityIndicator.h */ = {isa = PBXFileReference; fileEncoding = 4; lastKnownFileType = sourcecode.c.h; path = SDNetworkActivityIndicator.h; sourceTree = "<group>"; };
		48CE910714AD9D0B00B1E9D3 /* SDNetworkActivityIndicator.m */ = {isa = PBXFileReference; fileEncoding = 4; lastKnownFileType = sourcecode.c.objc; path = SDNetworkActivityIndicator.m; sourceTree = "<group>"; };
		48CE910814AD9D0B00B1E9D3 /* SDWebImageCompat.h */ = {isa = PBXFileReference; fileEncoding = 4; lastKnownFileType = sourcecode.c.h; path = SDWebImageCompat.h; sourceTree = "<group>"; };
		48CE910914AD9D0B00B1E9D3 /* SDWebImageDecoder.h */ = {isa = PBXFileReference; fileEncoding = 4; lastKnownFileType = sourcecode.c.h; path = SDWebImageDecoder.h; sourceTree = "<group>"; };
		48CE910A14AD9D0B00B1E9D3 /* SDWebImageDecoder.m */ = {isa = PBXFileReference; fileEncoding = 4; lastKnownFileType = sourcecode.c.objc; path = SDWebImageDecoder.m; sourceTree = "<group>"; };
		48CE910B14AD9D0B00B1E9D3 /* SDWebImageDownloader.h */ = {isa = PBXFileReference; fileEncoding = 4; lastKnownFileType = sourcecode.c.h; path = SDWebImageDownloader.h; sourceTree = "<group>"; };
		48CE910C14AD9D0B00B1E9D3 /* SDWebImageDownloader.m */ = {isa = PBXFileReference; fileEncoding = 4; lastKnownFileType = sourcecode.c.objc; path = SDWebImageDownloader.m; sourceTree = "<group>"; };
		48CE910D14AD9D0B00B1E9D3 /* SDWebImageDownloaderDelegate.h */ = {isa = PBXFileReference; fileEncoding = 4; lastKnownFileType = sourcecode.c.h; path = SDWebImageDownloaderDelegate.h; sourceTree = "<group>"; };
		48CE910E14AD9D0B00B1E9D3 /* SDWebImageManager.h */ = {isa = PBXFileReference; fileEncoding = 4; lastKnownFileType = sourcecode.c.h; path = SDWebImageManager.h; sourceTree = "<group>"; };
		48CE910F14AD9D0B00B1E9D3 /* SDWebImageManager.m */ = {isa = PBXFileReference; fileEncoding = 4; lastKnownFileType = sourcecode.c.objc; path = SDWebImageManager.m; sourceTree = "<group>"; };
		48CE911014AD9D0B00B1E9D3 /* SDWebImageManagerDelegate.h */ = {isa = PBXFileReference; fileEncoding = 4; lastKnownFileType = sourcecode.c.h; path = SDWebImageManagerDelegate.h; sourceTree = "<group>"; };
		48CE911114AD9D0B00B1E9D3 /* SDWebImagePrefetcher.h */ = {isa = PBXFileReference; fileEncoding = 4; lastKnownFileType = sourcecode.c.h; path = SDWebImagePrefetcher.h; sourceTree = "<group>"; };
		48CE911214AD9D0B00B1E9D3 /* SDWebImagePrefetcher.m */ = {isa = PBXFileReference; fileEncoding = 4; lastKnownFileType = sourcecode.c.objc; path = SDWebImagePrefetcher.m; sourceTree = "<group>"; };
		48CE911314AD9D0B00B1E9D3 /* UIButton+WebCache.h */ = {isa = PBXFileReference; fileEncoding = 4; lastKnownFileType = sourcecode.c.h; path = "UIButton+WebCache.h"; sourceTree = "<group>"; };
		48CE911414AD9D0B00B1E9D3 /* UIButton+WebCache.m */ = {isa = PBXFileReference; fileEncoding = 4; lastKnownFileType = sourcecode.c.objc; path = "UIButton+WebCache.m"; sourceTree = "<group>"; };
		48CE911514AD9D0B00B1E9D3 /* UIImageView+WebCache.h */ = {isa = PBXFileReference; fileEncoding = 4; lastKnownFileType = sourcecode.c.h; path = "UIImageView+WebCache.h"; sourceTree = "<group>"; };
		48CE911614AD9D0B00B1E9D3 /* UIImageView+WebCache.m */ = {isa = PBXFileReference; fileEncoding = 4; lastKnownFileType = sourcecode.c.objc; path = "UIImageView+WebCache.m"; sourceTree = "<group>"; };
		48CE912C14AD9DBE00B1E9D3 /* blackArrow.png */ = {isa = PBXFileReference; lastKnownFileType = image.png; path = blackArrow.png; sourceTree = "<group>"; };
		48CE912D14AD9DBE00B1E9D3 /* blackArrow@2x.png */ = {isa = PBXFileReference; lastKnownFileType = image.png; path = "blackArrow@2x.png"; sourceTree = "<group>"; };
		48CE912E14AD9DBE00B1E9D3 /* blueArrow.png */ = {isa = PBXFileReference; lastKnownFileType = image.png; path = blueArrow.png; sourceTree = "<group>"; };
		48CE912F14AD9DBE00B1E9D3 /* blueArrow@2x.png */ = {isa = PBXFileReference; lastKnownFileType = image.png; path = "blueArrow@2x.png"; sourceTree = "<group>"; };
		48CE913014AD9DBE00B1E9D3 /* grayArrow.png */ = {isa = PBXFileReference; lastKnownFileType = image.png; path = grayArrow.png; sourceTree = "<group>"; };
		48CE913114AD9DBE00B1E9D3 /* grayArrow@2x.png */ = {isa = PBXFileReference; lastKnownFileType = image.png; path = "grayArrow@2x.png"; sourceTree = "<group>"; };
		48CE913214AD9DBE00B1E9D3 /* whiteArrow.png */ = {isa = PBXFileReference; lastKnownFileType = image.png; path = whiteArrow.png; sourceTree = "<group>"; };
		48CE913314AD9DBE00B1E9D3 /* whiteArrow@2x.png */ = {isa = PBXFileReference; lastKnownFileType = image.png; path = "whiteArrow@2x.png"; sourceTree = "<group>"; };
		48CE913D14AD9DD100B1E9D3 /* EGORefreshTableHeaderView.h */ = {isa = PBXFileReference; fileEncoding = 4; lastKnownFileType = sourcecode.c.h; path = EGORefreshTableHeaderView.h; sourceTree = "<group>"; };
		48CE913E14AD9DD100B1E9D3 /* EGORefreshTableHeaderView.m */ = {isa = PBXFileReference; fileEncoding = 4; lastKnownFileType = sourcecode.c.objc; path = EGORefreshTableHeaderView.m; sourceTree = "<group>"; };
		48CE914414ADA0A700B1E9D3 /* QuartzCore.framework */ = {isa = PBXFileReference; lastKnownFileType = wrapper.framework; name = QuartzCore.framework; path = System/Library/Frameworks/QuartzCore.framework; sourceTree = SDKROOT; };
		48CE914614ADF06600B1E9D3 /* p_gray.gif */ = {isa = PBXFileReference; lastKnownFileType = image.gif; path = p_gray.gif; sourceTree = "<group>"; };
		48EA6D5514998A84008AE765 /* Prototype.app */ = {isa = PBXFileReference; explicitFileType = wrapper.application; includeInIndex = 0; path = Prototype.app; sourceTree = BUILT_PRODUCTS_DIR; };
		48EA6D5914998A84008AE765 /* UIKit.framework */ = {isa = PBXFileReference; lastKnownFileType = wrapper.framework; name = UIKit.framework; path = System/Library/Frameworks/UIKit.framework; sourceTree = SDKROOT; };
		48EA6D5B14998A84008AE765 /* Foundation.framework */ = {isa = PBXFileReference; lastKnownFileType = wrapper.framework; name = Foundation.framework; path = System/Library/Frameworks/Foundation.framework; sourceTree = SDKROOT; };
		48EA6D5D14998A84008AE765 /* CoreGraphics.framework */ = {isa = PBXFileReference; lastKnownFileType = wrapper.framework; name = CoreGraphics.framework; path = System/Library/Frameworks/CoreGraphics.framework; sourceTree = SDKROOT; };
		48EA6D5F14998A84008AE765 /* CoreData.framework */ = {isa = PBXFileReference; lastKnownFileType = wrapper.framework; name = CoreData.framework; path = System/Library/Frameworks/CoreData.framework; sourceTree = SDKROOT; };
		48EA6D6314998A84008AE765 /* Prototype-Info.plist */ = {isa = PBXFileReference; lastKnownFileType = text.plist.xml; path = "Prototype-Info.plist"; sourceTree = "<group>"; };
		48EA6D6514998A84008AE765 /* en */ = {isa = PBXFileReference; lastKnownFileType = text.plist.strings; name = en; path = en.lproj/InfoPlist.strings; sourceTree = "<group>"; };
		48EA6D6714998A84008AE765 /* main.m */ = {isa = PBXFileReference; lastKnownFileType = sourcecode.c.objc; path = main.m; sourceTree = "<group>"; };
		48EA6D6914998A84008AE765 /* Prototype-Prefix.pch */ = {isa = PBXFileReference; lastKnownFileType = sourcecode.c.h; path = "Prototype-Prefix.pch"; sourceTree = "<group>"; };
		48EA6D6A14998A84008AE765 /* AppDelegate.h */ = {isa = PBXFileReference; lastKnownFileType = sourcecode.c.h; path = AppDelegate.h; sourceTree = "<group>"; };
		48EA6D6B14998A84008AE765 /* AppDelegate.m */ = {isa = PBXFileReference; lastKnownFileType = sourcecode.c.objc; lineEnding = 0; path = AppDelegate.m; sourceTree = "<group>"; xcLanguageSpecificationIdentifier = xcode.lang.objc; };
		48EA6D6E14998A85008AE765 /* Prototype.xcdatamodel */ = {isa = PBXFileReference; lastKnownFileType = wrapper.xcdatamodel; path = Prototype.xcdatamodel; sourceTree = "<group>"; };
		48EA6D7714998B10008AE765 /* StartPage.h */ = {isa = PBXFileReference; fileEncoding = 4; lastKnownFileType = sourcecode.c.h; path = StartPage.h; sourceTree = "<group>"; };
		48EA6D7814998B10008AE765 /* StartPage.m */ = {isa = PBXFileReference; fileEncoding = 4; lastKnownFileType = sourcecode.c.objc; path = StartPage.m; sourceTree = "<group>"; };
		48EA6D7914998B10008AE765 /* StartPage.xib */ = {isa = PBXFileReference; fileEncoding = 4; lastKnownFileType = file.xib; path = StartPage.xib; sourceTree = "<group>"; };
		48EB985D14A0649600466A4E /* NetworkService.h */ = {isa = PBXFileReference; fileEncoding = 4; lastKnownFileType = sourcecode.c.h; path = NetworkService.h; sourceTree = "<group>"; };
		48EB985E14A0649600466A4E /* NetworkService.m */ = {isa = PBXFileReference; fileEncoding = 4; lastKnownFileType = sourcecode.c.objc; path = NetworkService.m; sourceTree = "<group>"; };
/* End PBXFileReference section */

/* Begin PBXFrameworksBuildPhase section */
		48EA6D5214998A84008AE765 /* Frameworks */ = {
			isa = PBXFrameworksBuildPhase;
			buildActionMask = 2147483647;
			files = (
				48CE914514ADA0A700B1E9D3 /* QuartzCore.framework in Frameworks */,
				48EA6D5A14998A84008AE765 /* UIKit.framework in Frameworks */,
				48EA6D5C14998A84008AE765 /* Foundation.framework in Frameworks */,
				48EA6D5E14998A84008AE765 /* CoreGraphics.framework in Frameworks */,
				48EA6D6014998A84008AE765 /* CoreData.framework in Frameworks */,
			);
			runOnlyForDeploymentPostprocessing = 0;
		};
/* End PBXFrameworksBuildPhase section */

/* Begin PBXGroup section */
		4820460314A41C0D001120C1 /* Util */ = {
			isa = PBXGroup;
			children = (
				4820460514A41D7C001120C1 /* Util.h */,
				4820460614A41D7C001120C1 /* Util.m */,
			);
			name = Util;
			sourceTree = "<group>";
		};
		4820461514A44E83001120C1 /* Event */ = {
			isa = PBXGroup;
			children = (
				4820461814A45E69001120C1 /* EventPage.h */,
				4820461914A45E69001120C1 /* EventPage.m */,
				4832408714A9B9BC0084584F /* EventCell.h */,
				4832408814A9B9BC0084584F /* EventCell.m */,
			);
			name = Event;
			sourceTree = "<group>";
		};
		48917C2D14A8686E00C72AE9 /* Food */ = {
			isa = PBXGroup;
			children = (
				48917C2814A8682300C72AE9 /* FoodPage.h */,
				48917C2914A8682300C72AE9 /* FoodPage.m */,
				48917C2A14A8682300C72AE9 /* FoodPage.xib */,
				48917C3014A86E0800C72AE9 /* FoodImageCell.h */,
				48917C3114A86E0800C72AE9 /* FoodImageCell.m */,
				48917C3214A86E0800C72AE9 /* FoodImageCell.xib */,
			);
			name = Food;
			sourceTree = "<group>";
		};
		48CE90DD14AD4B4900B1E9D3 /* Message */ = {
			isa = PBXGroup;
			children = (
				48CE90E214AD4BD200B1E9D3 /* LoginMessage.h */,
				48CE90E314AD4BD200B1E9D3 /* LoginMessage.m */,
				48CE90DF14AD4B7100B1E9D3 /* EventMessage.h */,
				48CE90E014AD4B7100B1E9D3 /* EventMessage.m */,
			);
			name = Message;
			sourceTree = "<group>";
		};
		48CE90E514AD9D0B00B1E9D3 /* ThirdParty */ = {
			isa = PBXGroup;
			children = (
				48CE913C14AD9DD100B1E9D3 /* EGOTableViewPullRefresh */,
				48CE90E714AD9D0B00B1E9D3 /* JSON */,
				48CE910214AD9D0B00B1E9D3 /* SDWebImage */,
			);
			path = ThirdParty;
			sourceTree = "<group>";
		};
		48CE90E714AD9D0B00B1E9D3 /* JSON */ = {
			isa = PBXGroup;
			children = (
				48CE90E814AD9D0B00B1E9D3 /* JSON.h */,
				48CE90E914AD9D0B00B1E9D3 /* NSObject+SBJson.h */,
				48CE90EA14AD9D0B00B1E9D3 /* NSObject+SBJson.m */,
				48CE90EB14AD9D0B00B1E9D3 /* SBJson.h */,
				48CE90EC14AD9D0B00B1E9D3 /* SBJsonParser.h */,
				48CE90ED14AD9D0B00B1E9D3 /* SBJsonParser.m */,
				48CE90EE14AD9D0B00B1E9D3 /* SBJsonStreamParser.h */,
				48CE90EF14AD9D0B00B1E9D3 /* SBJsonStreamParser.m */,
				48CE90F014AD9D0B00B1E9D3 /* SBJsonStreamParserAccumulator.h */,
				48CE90F114AD9D0B00B1E9D3 /* SBJsonStreamParserAccumulator.m */,
				48CE90F214AD9D0B00B1E9D3 /* SBJsonStreamParserAdapter.h */,
				48CE90F314AD9D0B00B1E9D3 /* SBJsonStreamParserAdapter.m */,
				48CE90F414AD9D0B00B1E9D3 /* SBJsonStreamParserState.h */,
				48CE90F514AD9D0B00B1E9D3 /* SBJsonStreamParserState.m */,
				48CE90F614AD9D0B00B1E9D3 /* SBJsonStreamWriter.h */,
				48CE90F714AD9D0B00B1E9D3 /* SBJsonStreamWriter.m */,
				48CE90F814AD9D0B00B1E9D3 /* SBJsonStreamWriterAccumulator.h */,
				48CE90F914AD9D0B00B1E9D3 /* SBJsonStreamWriterAccumulator.m */,
				48CE90FA14AD9D0B00B1E9D3 /* SBJsonStreamWriterState.h */,
				48CE90FB14AD9D0B00B1E9D3 /* SBJsonStreamWriterState.m */,
				48CE90FC14AD9D0B00B1E9D3 /* SBJsonTokeniser.h */,
				48CE90FD14AD9D0B00B1E9D3 /* SBJsonTokeniser.m */,
				48CE90FE14AD9D0B00B1E9D3 /* SBJsonUTF8Stream.h */,
				48CE90FF14AD9D0B00B1E9D3 /* SBJsonUTF8Stream.m */,
				48CE910014AD9D0B00B1E9D3 /* SBJsonWriter.h */,
				48CE910114AD9D0B00B1E9D3 /* SBJsonWriter.m */,
			);
			path = JSON;
			sourceTree = "<group>";
		};
		48CE910214AD9D0B00B1E9D3 /* SDWebImage */ = {
			isa = PBXGroup;
			children = (
				48CE910314AD9D0B00B1E9D3 /* SDImageCache.h */,
				48CE910414AD9D0B00B1E9D3 /* SDImageCache.m */,
				48CE910514AD9D0B00B1E9D3 /* SDImageCacheDelegate.h */,
				48CE910614AD9D0B00B1E9D3 /* SDNetworkActivityIndicator.h */,
				48CE910714AD9D0B00B1E9D3 /* SDNetworkActivityIndicator.m */,
				48CE910814AD9D0B00B1E9D3 /* SDWebImageCompat.h */,
				48CE910914AD9D0B00B1E9D3 /* SDWebImageDecoder.h */,
				48CE910A14AD9D0B00B1E9D3 /* SDWebImageDecoder.m */,
				48CE910B14AD9D0B00B1E9D3 /* SDWebImageDownloader.h */,
				48CE910C14AD9D0B00B1E9D3 /* SDWebImageDownloader.m */,
				48CE910D14AD9D0B00B1E9D3 /* SDWebImageDownloaderDelegate.h */,
				48CE910E14AD9D0B00B1E9D3 /* SDWebImageManager.h */,
				48CE910F14AD9D0B00B1E9D3 /* SDWebImageManager.m */,
				48CE911014AD9D0B00B1E9D3 /* SDWebImageManagerDelegate.h */,
				48CE911114AD9D0B00B1E9D3 /* SDWebImagePrefetcher.h */,
				48CE911214AD9D0B00B1E9D3 /* SDWebImagePrefetcher.m */,
				48CE911314AD9D0B00B1E9D3 /* UIButton+WebCache.h */,
				48CE911414AD9D0B00B1E9D3 /* UIButton+WebCache.m */,
				48CE911514AD9D0B00B1E9D3 /* UIImageView+WebCache.h */,
				48CE911614AD9D0B00B1E9D3 /* UIImageView+WebCache.m */,
			);
			path = SDWebImage;
			sourceTree = "<group>";
		};
		48CE912B14AD9DBE00B1E9D3 /* Resource */ = {
			isa = PBXGroup;
			children = (
				48CE914614ADF06600B1E9D3 /* p_gray.gif */,
				48CE912C14AD9DBE00B1E9D3 /* blackArrow.png */,
				48CE912D14AD9DBE00B1E9D3 /* blackArrow@2x.png */,
				48CE912E14AD9DBE00B1E9D3 /* blueArrow.png */,
				48CE912F14AD9DBE00B1E9D3 /* blueArrow@2x.png */,
				48CE913014AD9DBE00B1E9D3 /* grayArrow.png */,
				48CE913114AD9DBE00B1E9D3 /* grayArrow@2x.png */,
				48CE913214AD9DBE00B1E9D3 /* whiteArrow.png */,
				48CE913314AD9DBE00B1E9D3 /* whiteArrow@2x.png */,
			);
			path = Resource;
			sourceTree = "<group>";
		};
		48CE913C14AD9DD100B1E9D3 /* EGOTableViewPullRefresh */ = {
			isa = PBXGroup;
			children = (
				48CE913D14AD9DD100B1E9D3 /* EGORefreshTableHeaderView.h */,
				48CE913E14AD9DD100B1E9D3 /* EGORefreshTableHeaderView.m */,
			);
			path = EGOTableViewPullRefresh;
			sourceTree = "<group>";
		};
		48EA6D4A14998A84008AE765 = {
			isa = PBXGroup;
			children = (
				48CE912B14AD9DBE00B1E9D3 /* Resource */,
				48CE90E514AD9D0B00B1E9D3 /* ThirdParty */,
				4820460314A41C0D001120C1 /* Util */,
				48EB985C14A0649600466A4E /* NetworkService */,
				48EA6D7514998AC3008AE765 /* View */,
				48EA6D6114998A84008AE765 /* Prototype */,
				48EA6D5814998A84008AE765 /* Frameworks */,
				48EA6D5614998A84008AE765 /* Products */,
			);
			sourceTree = "<group>";
		};
		48EA6D5614998A84008AE765 /* Products */ = {
			isa = PBXGroup;
			children = (
				48EA6D5514998A84008AE765 /* Prototype.app */,
			);
			name = Products;
			sourceTree = "<group>";
		};
		48EA6D5814998A84008AE765 /* Frameworks */ = {
			isa = PBXGroup;
			children = (
				48CE914414ADA0A700B1E9D3 /* QuartzCore.framework */,
				48EA6D5914998A84008AE765 /* UIKit.framework */,
				48EA6D5B14998A84008AE765 /* Foundation.framework */,
				48EA6D5D14998A84008AE765 /* CoreGraphics.framework */,
				48EA6D5F14998A84008AE765 /* CoreData.framework */,
			);
			name = Frameworks;
			sourceTree = "<group>";
		};
		48EA6D6114998A84008AE765 /* Prototype */ = {
			isa = PBXGroup;
			children = (
				48EA6D6A14998A84008AE765 /* AppDelegate.h */,
				48EA6D6B14998A84008AE765 /* AppDelegate.m */,
				48EA6D6D14998A85008AE765 /* Prototype.xcdatamodeld */,
				48EA6D6214998A84008AE765 /* Supporting Files */,
			);
			path = Prototype;
			sourceTree = "<group>";
		};
		48EA6D6214998A84008AE765 /* Supporting Files */ = {
			isa = PBXGroup;
			children = (
				48EA6D6314998A84008AE765 /* Prototype-Info.plist */,
				48EA6D6414998A84008AE765 /* InfoPlist.strings */,
				48EA6D6714998A84008AE765 /* main.m */,
				48EA6D6914998A84008AE765 /* Prototype-Prefix.pch */,
			);
			name = "Supporting Files";
			sourceTree = "<group>";
		};
		48EA6D7514998AC3008AE765 /* View */ = {
			isa = PBXGroup;
			children = (
				48917C2D14A8686E00C72AE9 /* Food */,
				4820461514A44E83001120C1 /* Event */,
				48EA6D7614998AD4008AE765 /* UserInformation */,
				48EA6D7714998B10008AE765 /* StartPage.h */,
				48EA6D7814998B10008AE765 /* StartPage.m */,
				48EA6D7914998B10008AE765 /* StartPage.xib */,
				48917C2514A857B600C72AE9 /* ImageV.h */,
				48917C2614A857B600C72AE9 /* ImageV.m */,
			);
			name = View;
			sourceTree = "<group>";
		};
		48EA6D7614998AD4008AE765 /* UserInformation */ = {
			isa = PBXGroup;
			children = (
				489313541499D124004A4250 /* UserInfoPage.h */,
				489313551499D124004A4250 /* UserInfoPage.m */,
				4832407914A9A4150084584F /* AvatorCell.h */,
				4832407A14A9A4150084584F /* AvatorCell.m */,
			);
			name = UserInformation;
			sourceTree = "<group>";
		};
		48EB985C14A0649600466A4E /* NetworkService */ = {
			isa = PBXGroup;
			children = (
				48CE90DD14AD4B4900B1E9D3 /* Message */,
				48EB985D14A0649600466A4E /* NetworkService.h */,
				48EB985E14A0649600466A4E /* NetworkService.m */,
				4889E0B814AC10FB00067D66 /* Message.h */,
				4889E0B914AC10FB00067D66 /* MessageWriter.m */,
				4889E0BC14AC11DF00067D66 /* MessageReader.m */,
			);
			path = NetworkService;
			sourceTree = "<group>";
		};
/* End PBXGroup section */

/* Begin PBXNativeTarget section */
		48EA6D5414998A84008AE765 /* Prototype */ = {
			isa = PBXNativeTarget;
			buildConfigurationList = 48EA6D7214998A85008AE765 /* Build configuration list for PBXNativeTarget "Prototype" */;
			buildPhases = (
				48EA6D5114998A84008AE765 /* Sources */,
				48EA6D5214998A84008AE765 /* Frameworks */,
				48EA6D5314998A84008AE765 /* Resources */,
			);
			buildRules = (
			);
			dependencies = (
			);
			name = Prototype;
			productName = Prototype;
			productReference = 48EA6D5514998A84008AE765 /* Prototype.app */;
			productType = "com.apple.product-type.application";
		};
/* End PBXNativeTarget section */

/* Begin PBXProject section */
		48EA6D4C14998A84008AE765 /* Project object */ = {
			isa = PBXProject;
			attributes = {
				LastUpgradeCheck = 0420;
			};
			buildConfigurationList = 48EA6D4F14998A84008AE765 /* Build configuration list for PBXProject "Prototype" */;
			compatibilityVersion = "Xcode 3.2";
			developmentRegion = English;
			hasScannedForEncodings = 0;
			knownRegions = (
				en,
			);
			mainGroup = 48EA6D4A14998A84008AE765;
			productRefGroup = 48EA6D5614998A84008AE765 /* Products */;
			projectDirPath = "";
			projectRoot = "";
			targets = (
				48EA6D5414998A84008AE765 /* Prototype */,
			);
		};
/* End PBXProject section */

/* Begin PBXResourcesBuildPhase section */
		48EA6D5314998A84008AE765 /* Resources */ = {
			isa = PBXResourcesBuildPhase;
			buildActionMask = 2147483647;
			files = (
				48EA6D6614998A84008AE765 /* InfoPlist.strings in Resources */,
				48EA6D7B14998B10008AE765 /* StartPage.xib in Resources */,
				48917C2C14A8682300C72AE9 /* FoodPage.xib in Resources */,
				48917C3414A86E0800C72AE9 /* FoodImageCell.xib in Resources */,
				48CE913414AD9DBE00B1E9D3 /* blackArrow.png in Resources */,
				48CE913514AD9DBE00B1E9D3 /* blackArrow@2x.png in Resources */,
				48CE913614AD9DBE00B1E9D3 /* blueArrow.png in Resources */,
				48CE913714AD9DBE00B1E9D3 /* blueArrow@2x.png in Resources */,
				48CE913814AD9DBE00B1E9D3 /* grayArrow.png in Resources */,
				48CE913914AD9DBE00B1E9D3 /* grayArrow@2x.png in Resources */,
				48CE913A14AD9DBE00B1E9D3 /* whiteArrow.png in Resources */,
				48CE913B14AD9DBE00B1E9D3 /* whiteArrow@2x.png in Resources */,
				48CE914714ADF06600B1E9D3 /* p_gray.gif in Resources */,
			);
			runOnlyForDeploymentPostprocessing = 0;
		};
/* End PBXResourcesBuildPhase section */

/* Begin PBXSourcesBuildPhase section */
		48EA6D5114998A84008AE765 /* Sources */ = {
			isa = PBXSourcesBuildPhase;
			buildActionMask = 2147483647;
			files = (
				48EA6D6814998A84008AE765 /* main.m in Sources */,
				48EA6D6C14998A84008AE765 /* AppDelegate.m in Sources */,
				48EA6D6F14998A85008AE765 /* Prototype.xcdatamodeld in Sources */,
				48EA6D7A14998B10008AE765 /* StartPage.m in Sources */,
				489313571499D124004A4250 /* UserInfoPage.m in Sources */,
				48EB985F14A0649600466A4E /* NetworkService.m in Sources */,
				4820460714A41D7C001120C1 /* Util.m in Sources */,
				4820461C14A45E69001120C1 /* EventPage.m in Sources */,
				48917C2714A857B600C72AE9 /* ImageV.m in Sources */,
				48917C2B14A8682300C72AE9 /* FoodPage.m in Sources */,
				48917C3314A86E0800C72AE9 /* FoodImageCell.m in Sources */,
				4832407C14A9A4150084584F /* AvatorCell.m in Sources */,
				4832408914A9B9BC0084584F /* EventCell.m in Sources */,
				4889E0BA14AC10FB00067D66 /* MessageWriter.m in Sources */,
				4889E0BD14AC11DF00067D66 /* MessageReader.m in Sources */,
				48CE90E114AD4B7100B1E9D3 /* EventMessage.m in Sources */,
				48CE90E414AD4BD200B1E9D3 /* LoginMessage.m in Sources */,
				48CE911714AD9D0B00B1E9D3 /* NSObject+SBJson.m in Sources */,
				48CE911814AD9D0B00B1E9D3 /* SBJsonParser.m in Sources */,
				48CE911914AD9D0B00B1E9D3 /* SBJsonStreamParser.m in Sources */,
				48CE911A14AD9D0B00B1E9D3 /* SBJsonStreamParserAccumulator.m in Sources */,
				48CE911B14AD9D0B00B1E9D3 /* SBJsonStreamParserAdapter.m in Sources */,
				48CE911C14AD9D0B00B1E9D3 /* SBJsonStreamParserState.m in Sources */,
				48CE911D14AD9D0B00B1E9D3 /* SBJsonStreamWriter.m in Sources */,
				48CE911E14AD9D0B00B1E9D3 /* SBJsonStreamWriterAccumulator.m in Sources */,
				48CE911F14AD9D0B00B1E9D3 /* SBJsonStreamWriterState.m in Sources */,
				48CE912014AD9D0B00B1E9D3 /* SBJsonTokeniser.m in Sources */,
				48CE912114AD9D0B00B1E9D3 /* SBJsonUTF8Stream.m in Sources */,
				48CE912214AD9D0B00B1E9D3 /* SBJsonWriter.m in Sources */,
				48CE912314AD9D0B00B1E9D3 /* SDImageCache.m in Sources */,
				48CE912414AD9D0B00B1E9D3 /* SDNetworkActivityIndicator.m in Sources */,
				48CE912514AD9D0B00B1E9D3 /* SDWebImageDecoder.m in Sources */,
				48CE912614AD9D0B00B1E9D3 /* SDWebImageDownloader.m in Sources */,
				48CE912714AD9D0B00B1E9D3 /* SDWebImageManager.m in Sources */,
				48CE912814AD9D0B00B1E9D3 /* SDWebImagePrefetcher.m in Sources */,
				48CE912914AD9D0B00B1E9D3 /* UIButton+WebCache.m in Sources */,
				48CE912A14AD9D0B00B1E9D3 /* UIImageView+WebCache.m in Sources */,
				48CE913F14AD9DD100B1E9D3 /* EGORefreshTableHeaderView.m in Sources */,
			);
			runOnlyForDeploymentPostprocessing = 0;
		};
/* End PBXSourcesBuildPhase section */

/* Begin PBXVariantGroup section */
		48EA6D6414998A84008AE765 /* InfoPlist.strings */ = {
			isa = PBXVariantGroup;
			children = (
				48EA6D6514998A84008AE765 /* en */,
			);
			name = InfoPlist.strings;
			sourceTree = "<group>";
		};
/* End PBXVariantGroup section */

/* Begin XCBuildConfiguration section */
		48EA6D7014998A85008AE765 /* Debug */ = {
			isa = XCBuildConfiguration;
			buildSettings = {
				ALWAYS_SEARCH_USER_PATHS = NO;
				ARCHS = (
					armv6,
					"$(ARCHS_STANDARD_32_BIT)",
				);
				"CODE_SIGN_IDENTITY[sdk=iphoneos*]" = "iPhone Developer";
				COPY_PHASE_STRIP = NO;
				GCC_C_LANGUAGE_STANDARD = gnu99;
				GCC_DYNAMIC_NO_PIC = NO;
				GCC_OPTIMIZATION_LEVEL = 0;
				GCC_PREPROCESSOR_DEFINITIONS = (
					"DEBUG=1",
					"$(inherited)",
				);
				GCC_SYMBOLS_PRIVATE_EXTERN = NO;
				GCC_VERSION = com.apple.compilers.llvm.clang.1_0;
				GCC_WARN_ABOUT_MISSING_PROTOTYPES = YES;
				GCC_WARN_ABOUT_RETURN_TYPE = YES;
				GCC_WARN_UNUSED_VARIABLE = YES;
				IPHONEOS_DEPLOYMENT_TARGET = 5.0;
				OTHER_LDFLAGS = "";
				SDKROOT = iphoneos;
				TARGETED_DEVICE_FAMILY = "1,2";
			};
			name = Debug;
		};
		48EA6D7114998A85008AE765 /* Release */ = {
			isa = XCBuildConfiguration;
			buildSettings = {
				ALWAYS_SEARCH_USER_PATHS = NO;
				ARCHS = (
					armv6,
					"$(ARCHS_STANDARD_32_BIT)",
				);
				"CODE_SIGN_IDENTITY[sdk=iphoneos*]" = "iPhone Developer";
				COPY_PHASE_STRIP = YES;
				GCC_C_LANGUAGE_STANDARD = gnu99;
				GCC_VERSION = com.apple.compilers.llvm.clang.1_0;
				GCC_WARN_ABOUT_MISSING_PROTOTYPES = YES;
				GCC_WARN_ABOUT_RETURN_TYPE = YES;
				GCC_WARN_UNUSED_VARIABLE = YES;
				IPHONEOS_DEPLOYMENT_TARGET = 5.0;
				OTHER_CFLAGS = "-DNS_BLOCK_ASSERTIONS=1";
				OTHER_LDFLAGS = "";
				SDKROOT = iphoneos;
				TARGETED_DEVICE_FAMILY = "1,2";
				VALIDATE_PRODUCT = YES;
			};
			name = Release;
		};
		48EA6D7314998A85008AE765 /* Debug */ = {
			isa = XCBuildConfiguration;
			buildSettings = {
				GCC_PRECOMPILE_PREFIX_HEADER = YES;
				GCC_PREFIX_HEADER = "Prototype/Prototype-Prefix.pch";
				INFOPLIST_FILE = "Prototype/Prototype-Info.plist";
				IPHONEOS_DEPLOYMENT_TARGET = 3.0;
				OTHER_LDFLAGS = "";
				PRODUCT_NAME = "$(TARGET_NAME)";
				WRAPPER_EXTENSION = app;
			};
			name = Debug;
		};
		48EA6D7414998A85008AE765 /* Release */ = {
			isa = XCBuildConfiguration;
			buildSettings = {
				GCC_PRECOMPILE_PREFIX_HEADER = YES;
				GCC_PREFIX_HEADER = "Prototype/Prototype-Prefix.pch";
				INFOPLIST_FILE = "Prototype/Prototype-Info.plist";
				IPHONEOS_DEPLOYMENT_TARGET = 3.0;
				OTHER_LDFLAGS = "";
				PRODUCT_NAME = "$(TARGET_NAME)";
				WRAPPER_EXTENSION = app;
			};
			name = Release;
		};
/* End XCBuildConfiguration section */

/* Begin XCConfigurationList section */
		48EA6D4F14998A84008AE765 /* Build configuration list for PBXProject "Prototype" */ = {
			isa = XCConfigurationList;
			buildConfigurations = (
				48EA6D7014998A85008AE765 /* Debug */,
				48EA6D7114998A85008AE765 /* Release */,
			);
			defaultConfigurationIsVisible = 0;
			defaultConfigurationName = Release;
		};
		48EA6D7214998A85008AE765 /* Build configuration list for PBXNativeTarget "Prototype" */ = {
			isa = XCConfigurationList;
			buildConfigurations = (
				48EA6D7314998A85008AE765 /* Debug */,
				48EA6D7414998A85008AE765 /* Release */,
			);
			defaultConfigurationIsVisible = 0;
			defaultConfigurationName = Release;
		};
/* End XCConfigurationList section */

/* Begin XCVersionGroup section */
		48EA6D6D14998A85008AE765 /* Prototype.xcdatamodeld */ = {
			isa = XCVersionGroup;
			children = (
				48EA6D6E14998A85008AE765 /* Prototype.xcdatamodel */,
			);
			currentVersion = 48EA6D6E14998A85008AE765 /* Prototype.xcdatamodel */;
			path = Prototype.xcdatamodeld;
			sourceTree = "<group>";
			versionGroupType = wrapper.xcdatamodel;
		};
/* End XCVersionGroup section */
	};
	rootObject = 48EA6D4C14998A84008AE765 /* Project object */;
}
