// !$*UTF8*$!
{
	archiveVersion = 1;
	classes = {
	};
	objectVersion = 46;
	objects = {

/* Begin PBXBuildFile section */
		489313571499D124004A4250 /* UserInfoPage.m in Sources */ = {isa = PBXBuildFile; fileRef = 489313551499D124004A4250 /* UserInfoPage.m */; };
		489313581499D124004A4250 /* UserInfoPage.xib in Resources */ = {isa = PBXBuildFile; fileRef = 489313561499D124004A4250 /* UserInfoPage.xib */; };
		48EA6D5A14998A84008AE765 /* UIKit.framework in Frameworks */ = {isa = PBXBuildFile; fileRef = 48EA6D5914998A84008AE765 /* UIKit.framework */; };
		48EA6D5C14998A84008AE765 /* Foundation.framework in Frameworks */ = {isa = PBXBuildFile; fileRef = 48EA6D5B14998A84008AE765 /* Foundation.framework */; };
		48EA6D5E14998A84008AE765 /* CoreGraphics.framework in Frameworks */ = {isa = PBXBuildFile; fileRef = 48EA6D5D14998A84008AE765 /* CoreGraphics.framework */; };
		48EA6D6014998A84008AE765 /* CoreData.framework in Frameworks */ = {isa = PBXBuildFile; fileRef = 48EA6D5F14998A84008AE765 /* CoreData.framework */; };
		48EA6D6614998A84008AE765 /* InfoPlist.strings in Resources */ = {isa = PBXBuildFile; fileRef = 48EA6D6414998A84008AE765 /* InfoPlist.strings */; };
		48EA6D6814998A84008AE765 /* main.m in Sources */ = {isa = PBXBuildFile; fileRef = 48EA6D6714998A84008AE765 /* main.m */; };
		48EA6D6C14998A84008AE765 /* AppDelegate.m in Sources */ = {isa = PBXBuildFile; fileRef = 48EA6D6B14998A84008AE765 /* AppDelegate.m */; };
		48EA6D6F14998A85008AE765 /* Prototype.xcdatamodeld in Sources */ = {isa = PBXBuildFile; fileRef = 48EA6D6D14998A85008AE765 /* Prototype.xcdatamodeld */; };
		48EA6D7A14998B10008AE765 /* StartPage.m in Sources */ = {isa = PBXBuildFile; fileRef = 48EA6D7814998B10008AE765 /* StartPage.m */; };
		48EA6D7B14998B10008AE765 /* StartPage.xib in Resources */ = {isa = PBXBuildFile; fileRef = 48EA6D7914998B10008AE765 /* StartPage.xib */; };
/* End PBXBuildFile section */

/* Begin PBXFileReference section */
		489313541499D124004A4250 /* UserInfoPage.h */ = {isa = PBXFileReference; fileEncoding = 4; lastKnownFileType = sourcecode.c.h; name = UserInfoPage.h; path = View/UserInformation/UserInfoPage.h; sourceTree = "<group>"; };
		489313551499D124004A4250 /* UserInfoPage.m */ = {isa = PBXFileReference; fileEncoding = 4; lastKnownFileType = sourcecode.c.objc; name = UserInfoPage.m; path = View/UserInformation/UserInfoPage.m; sourceTree = "<group>"; };
		489313561499D124004A4250 /* UserInfoPage.xib */ = {isa = PBXFileReference; fileEncoding = 4; lastKnownFileType = file.xib; name = UserInfoPage.xib; path = View/UserInformation/UserInfoPage.xib; sourceTree = "<group>"; };
		48EA6D5514998A84008AE765 /* Prototype.app */ = {isa = PBXFileReference; explicitFileType = wrapper.application; includeInIndex = 0; path = Prototype.app; sourceTree = BUILT_PRODUCTS_DIR; };
		48EA6D5914998A84008AE765 /* UIKit.framework */ = {isa = PBXFileReference; lastKnownFileType = wrapper.framework; name = UIKit.framework; path = System/Library/Frameworks/UIKit.framework; sourceTree = SDKROOT; };
		48EA6D5B14998A84008AE765 /* Foundation.framework */ = {isa = PBXFileReference; lastKnownFileType = wrapper.framework; name = Foundation.framework; path = System/Library/Frameworks/Foundation.framework; sourceTree = SDKROOT; };
		48EA6D5D14998A84008AE765 /* CoreGraphics.framework */ = {isa = PBXFileReference; lastKnownFileType = wrapper.framework; name = CoreGraphics.framework; path = System/Library/Frameworks/CoreGraphics.framework; sourceTree = SDKROOT; };
		48EA6D5F14998A84008AE765 /* CoreData.framework */ = {isa = PBXFileReference; lastKnownFileType = wrapper.framework; name = CoreData.framework; path = System/Library/Frameworks/CoreData.framework; sourceTree = SDKROOT; };
		48EA6D6314998A84008AE765 /* Prototype-Info.plist */ = {isa = PBXFileReference; lastKnownFileType = text.plist.xml; path = "Prototype-Info.plist"; sourceTree = "<group>"; };
		48EA6D6514998A84008AE765 /* en */ = {isa = PBXFileReference; lastKnownFileType = text.plist.strings; name = en; path = en.lproj/InfoPlist.strings; sourceTree = "<group>"; };
		48EA6D6714998A84008AE765 /* main.m */ = {isa = PBXFileReference; lastKnownFileType = sourcecode.c.objc; path = main.m; sourceTree = "<group>"; };
		48EA6D6914998A84008AE765 /* Prototype-Prefix.pch */ = {isa = PBXFileReference; lastKnownFileType = sourcecode.c.h; path = "Prototype-Prefix.pch"; sourceTree = "<group>"; };
		48EA6D6A14998A84008AE765 /* AppDelegate.h */ = {isa = PBXFileReference; lastKnownFileType = sourcecode.c.h; path = AppDelegate.h; sourceTree = "<group>"; };
		48EA6D6B14998A84008AE765 /* AppDelegate.m */ = {isa = PBXFileReference; lastKnownFileType = sourcecode.c.objc; path = AppDelegate.m; sourceTree = "<group>"; };
		48EA6D6E14998A85008AE765 /* Prototype.xcdatamodel */ = {isa = PBXFileReference; lastKnownFileType = wrapper.xcdatamodel; path = Prototype.xcdatamodel; sourceTree = "<group>"; };
		48EA6D7714998B10008AE765 /* StartPage.h */ = {isa = PBXFileReference; fileEncoding = 4; lastKnownFileType = sourcecode.c.h; path = StartPage.h; sourceTree = "<group>"; };
		48EA6D7814998B10008AE765 /* StartPage.m */ = {isa = PBXFileReference; fileEncoding = 4; lastKnownFileType = sourcecode.c.objc; path = StartPage.m; sourceTree = "<group>"; };
		48EA6D7914998B10008AE765 /* StartPage.xib */ = {isa = PBXFileReference; fileEncoding = 4; lastKnownFileType = file.xib; path = StartPage.xib; sourceTree = "<group>"; };
/* End PBXFileReference section */

/* Begin PBXFrameworksBuildPhase section */
		48EA6D5214998A84008AE765 /* Frameworks */ = {
			isa = PBXFrameworksBuildPhase;
			buildActionMask = 2147483647;
			files = (
				48EA6D5A14998A84008AE765 /* UIKit.framework in Frameworks */,
				48EA6D5C14998A84008AE765 /* Foundation.framework in Frameworks */,
				48EA6D5E14998A84008AE765 /* CoreGraphics.framework in Frameworks */,
				48EA6D6014998A84008AE765 /* CoreData.framework in Frameworks */,
			);
			runOnlyForDeploymentPostprocessing = 0;
		};
/* End PBXFrameworksBuildPhase section */

/* Begin PBXGroup section */
		48EA6D4A14998A84008AE765 = {
			isa = PBXGroup;
			children = (
				48EA6D7514998AC3008AE765 /* View */,
				48EA6D6114998A84008AE765 /* Prototype */,
				48EA6D5814998A84008AE765 /* Frameworks */,
				48EA6D5614998A84008AE765 /* Products */,
			);
			sourceTree = "<group>";
		};
		48EA6D5614998A84008AE765 /* Products */ = {
			isa = PBXGroup;
			children = (
				48EA6D5514998A84008AE765 /* Prototype.app */,
			);
			name = Products;
			sourceTree = "<group>";
		};
		48EA6D5814998A84008AE765 /* Frameworks */ = {
			isa = PBXGroup;
			children = (
				48EA6D5914998A84008AE765 /* UIKit.framework */,
				48EA6D5B14998A84008AE765 /* Foundation.framework */,
				48EA6D5D14998A84008AE765 /* CoreGraphics.framework */,
				48EA6D5F14998A84008AE765 /* CoreData.framework */,
			);
			name = Frameworks;
			sourceTree = "<group>";
		};
		48EA6D6114998A84008AE765 /* Prototype */ = {
			isa = PBXGroup;
			children = (
				48EA6D6A14998A84008AE765 /* AppDelegate.h */,
				48EA6D6B14998A84008AE765 /* AppDelegate.m */,
				48EA6D6D14998A85008AE765 /* Prototype.xcdatamodeld */,
				48EA6D6214998A84008AE765 /* Supporting Files */,
			);
			path = Prototype;
			sourceTree = "<group>";
		};
		48EA6D6214998A84008AE765 /* Supporting Files */ = {
			isa = PBXGroup;
			children = (
				48EA6D6314998A84008AE765 /* Prototype-Info.plist */,
				48EA6D6414998A84008AE765 /* InfoPlist.strings */,
				48EA6D6714998A84008AE765 /* main.m */,
				48EA6D6914998A84008AE765 /* Prototype-Prefix.pch */,
			);
			name = "Supporting Files";
			sourceTree = "<group>";
		};
		48EA6D7514998AC3008AE765 /* View */ = {
			isa = PBXGroup;
			children = (
				48EA6D7614998AD4008AE765 /* UserInformation */,
				48EA6D7714998B10008AE765 /* StartPage.h */,
				48EA6D7814998B10008AE765 /* StartPage.m */,
				48EA6D7914998B10008AE765 /* StartPage.xib */,
			);
			name = View;
			sourceTree = "<group>";
		};
		48EA6D7614998AD4008AE765 /* UserInformation */ = {
			isa = PBXGroup;
			children = (
				489313541499D124004A4250 /* UserInfoPage.h */,
				489313551499D124004A4250 /* UserInfoPage.m */,
				489313561499D124004A4250 /* UserInfoPage.xib */,
			);
			name = UserInformation;
			sourceTree = "<group>";
		};
/* End PBXGroup section */

/* Begin PBXNativeTarget section */
		48EA6D5414998A84008AE765 /* Prototype */ = {
			isa = PBXNativeTarget;
			buildConfigurationList = 48EA6D7214998A85008AE765 /* Build configuration list for PBXNativeTarget "Prototype" */;
			buildPhases = (
				48EA6D5114998A84008AE765 /* Sources */,
				48EA6D5214998A84008AE765 /* Frameworks */,
				48EA6D5314998A84008AE765 /* Resources */,
			);
			buildRules = (
			);
			dependencies = (
			);
			name = Prototype;
			productName = Prototype;
			productReference = 48EA6D5514998A84008AE765 /* Prototype.app */;
			productType = "com.apple.product-type.application";
		};
/* End PBXNativeTarget section */

/* Begin PBXProject section */
		48EA6D4C14998A84008AE765 /* Project object */ = {
			isa = PBXProject;
			attributes = {
				LastUpgradeCheck = 0420;
			};
			buildConfigurationList = 48EA6D4F14998A84008AE765 /* Build configuration list for PBXProject "Prototype" */;
			compatibilityVersion = "Xcode 3.2";
			developmentRegion = English;
			hasScannedForEncodings = 0;
			knownRegions = (
				en,
			);
			mainGroup = 48EA6D4A14998A84008AE765;
			productRefGroup = 48EA6D5614998A84008AE765 /* Products */;
			projectDirPath = "";
			projectRoot = "";
			targets = (
				48EA6D5414998A84008AE765 /* Prototype */,
			);
		};
/* End PBXProject section */

/* Begin PBXResourcesBuildPhase section */
		48EA6D5314998A84008AE765 /* Resources */ = {
			isa = PBXResourcesBuildPhase;
			buildActionMask = 2147483647;
			files = (
				48EA6D6614998A84008AE765 /* InfoPlist.strings in Resources */,
				48EA6D7B14998B10008AE765 /* StartPage.xib in Resources */,
				489313581499D124004A4250 /* UserInfoPage.xib in Resources */,
			);
			runOnlyForDeploymentPostprocessing = 0;
		};
/* End PBXResourcesBuildPhase section */

/* Begin PBXSourcesBuildPhase section */
		48EA6D5114998A84008AE765 /* Sources */ = {
			isa = PBXSourcesBuildPhase;
			buildActionMask = 2147483647;
			files = (
				48EA6D6814998A84008AE765 /* main.m in Sources */,
				48EA6D6C14998A84008AE765 /* AppDelegate.m in Sources */,
				48EA6D6F14998A85008AE765 /* Prototype.xcdatamodeld in Sources */,
				48EA6D7A14998B10008AE765 /* StartPage.m in Sources */,
				489313571499D124004A4250 /* UserInfoPage.m in Sources */,
			);
			runOnlyForDeploymentPostprocessing = 0;
		};
/* End PBXSourcesBuildPhase section */

/* Begin PBXVariantGroup section */
		48EA6D6414998A84008AE765 /* InfoPlist.strings */ = {
			isa = PBXVariantGroup;
			children = (
				48EA6D6514998A84008AE765 /* en */,
			);
			name = InfoPlist.strings;
			sourceTree = "<group>";
		};
/* End PBXVariantGroup section */

/* Begin XCBuildConfiguration section */
		48EA6D7014998A85008AE765 /* Debug */ = {
			isa = XCBuildConfiguration;
			buildSettings = {
				ALWAYS_SEARCH_USER_PATHS = NO;
				ARCHS = (
					armv6,
					"$(ARCHS_STANDARD_32_BIT)",
				);
				"CODE_SIGN_IDENTITY[sdk=iphoneos*]" = "iPhone Developer";
				COPY_PHASE_STRIP = NO;
				GCC_C_LANGUAGE_STANDARD = gnu99;
				GCC_DYNAMIC_NO_PIC = NO;
				GCC_OPTIMIZATION_LEVEL = 0;
				GCC_PREPROCESSOR_DEFINITIONS = (
					"DEBUG=1",
					"$(inherited)",
				);
				GCC_SYMBOLS_PRIVATE_EXTERN = NO;
				GCC_VERSION = com.apple.compilers.llvm.clang.1_0;
				GCC_WARN_ABOUT_MISSING_PROTOTYPES = YES;
				GCC_WARN_ABOUT_RETURN_TYPE = YES;
				GCC_WARN_UNUSED_VARIABLE = YES;
				IPHONEOS_DEPLOYMENT_TARGET = 5.0;
				SDKROOT = iphoneos;
				TARGETED_DEVICE_FAMILY = "1,2";
			};
			name = Debug;
		};
		48EA6D7114998A85008AE765 /* Release */ = {
			isa = XCBuildConfiguration;
			buildSettings = {
				ALWAYS_SEARCH_USER_PATHS = NO;
				ARCHS = (
					armv6,
					"$(ARCHS_STANDARD_32_BIT)",
				);
				"CODE_SIGN_IDENTITY[sdk=iphoneos*]" = "iPhone Developer";
				COPY_PHASE_STRIP = YES;
				GCC_C_LANGUAGE_STANDARD = gnu99;
				GCC_VERSION = com.apple.compilers.llvm.clang.1_0;
				GCC_WARN_ABOUT_MISSING_PROTOTYPES = YES;
				GCC_WARN_ABOUT_RETURN_TYPE = YES;
				GCC_WARN_UNUSED_VARIABLE = YES;
				IPHONEOS_DEPLOYMENT_TARGET = 5.0;
				OTHER_CFLAGS = "-DNS_BLOCK_ASSERTIONS=1";
				SDKROOT = iphoneos;
				TARGETED_DEVICE_FAMILY = "1,2";
				VALIDATE_PRODUCT = YES;
			};
			name = Release;
		};
		48EA6D7314998A85008AE765 /* Debug */ = {
			isa = XCBuildConfiguration;
			buildSettings = {
				GCC_PRECOMPILE_PREFIX_HEADER = YES;
				GCC_PREFIX_HEADER = "Prototype/Prototype-Prefix.pch";
				INFOPLIST_FILE = "Prototype/Prototype-Info.plist";
				IPHONEOS_DEPLOYMENT_TARGET = 3.0;
				PRODUCT_NAME = "$(TARGET_NAME)";
				WRAPPER_EXTENSION = app;
			};
			name = Debug;
		};
		48EA6D7414998A85008AE765 /* Release */ = {
			isa = XCBuildConfiguration;
			buildSettings = {
				GCC_PRECOMPILE_PREFIX_HEADER = YES;
				GCC_PREFIX_HEADER = "Prototype/Prototype-Prefix.pch";
				INFOPLIST_FILE = "Prototype/Prototype-Info.plist";
				IPHONEOS_DEPLOYMENT_TARGET = 3.0;
				PRODUCT_NAME = "$(TARGET_NAME)";
				WRAPPER_EXTENSION = app;
			};
			name = Release;
		};
/* End XCBuildConfiguration section */

/* Begin XCConfigurationList section */
		48EA6D4F14998A84008AE765 /* Build configuration list for PBXProject "Prototype" */ = {
			isa = XCConfigurationList;
			buildConfigurations = (
				48EA6D7014998A85008AE765 /* Debug */,
				48EA6D7114998A85008AE765 /* Release */,
			);
			defaultConfigurationIsVisible = 0;
			defaultConfigurationName = Release;
		};
		48EA6D7214998A85008AE765 /* Build configuration list for PBXNativeTarget "Prototype" */ = {
			isa = XCConfigurationList;
			buildConfigurations = (
				48EA6D7314998A85008AE765 /* Debug */,
				48EA6D7414998A85008AE765 /* Release */,
			);
			defaultConfigurationIsVisible = 0;
			defaultConfigurationName = Release;
		};
/* End XCConfigurationList section */

/* Begin XCVersionGroup section */
		48EA6D6D14998A85008AE765 /* Prototype.xcdatamodeld */ = {
			isa = XCVersionGroup;
			children = (
				48EA6D6E14998A85008AE765 /* Prototype.xcdatamodel */,
			);
			currentVersion = 48EA6D6E14998A85008AE765 /* Prototype.xcdatamodel */;
			path = Prototype.xcdatamodeld;
			sourceTree = "<group>";
			versionGroupType = wrapper.xcdatamodel;
		};
/* End XCVersionGroup section */
	};
	rootObject = 48EA6D4C14998A84008AE765 /* Project object */;
}
