// !$*UTF8*$!
{
	archiveVersion = 1;
	classes = {
	};
	objectVersion = 46;
	objects = {

/* Begin PBXBuildFile section */
		4820460714A41D7C001120C1 /* Util.m in Sources */ = {isa = PBXBuildFile; fileRef = 4820460614A41D7C001120C1 /* Util.m */; };
		4820461C14A45E69001120C1 /* EventPage.m in Sources */ = {isa = PBXBuildFile; fileRef = 4820461914A45E69001120C1 /* EventPage.m */; };
		4832407C14A9A4150084584F /* AvatorCell.m in Sources */ = {isa = PBXBuildFile; fileRef = 4832407A14A9A4150084584F /* AvatorCell.m */; };
		4832408914A9B9BC0084584F /* EventCell.m in Sources */ = {isa = PBXBuildFile; fileRef = 4832408814A9B9BC0084584F /* EventCell.m */; };
		487C95F814BA88C20075FFCD /* ProfileMananger.m in Sources */ = {isa = PBXBuildFile; fileRef = 487C95F714BA88C20075FFCD /* ProfileMananger.m */; };
		487C95FC14BAD1DD0075FFCD /* CommentManager.m in Sources */ = {isa = PBXBuildFile; fileRef = 487C95FB14BAD1DD0075FFCD /* CommentManager.m */; };
		487C95FF14BAEA420075FFCD /* ListObjectManager.m in Sources */ = {isa = PBXBuildFile; fileRef = 487C95FE14BAEA420075FFCD /* ListObjectManager.m */; };
		4889E0BA14AC10FB00067D66 /* MessageWriter.m in Sources */ = {isa = PBXBuildFile; fileRef = 4889E0B914AC10FB00067D66 /* MessageWriter.m */; };
		4889E0BD14AC11DF00067D66 /* MessageReader.m in Sources */ = {isa = PBXBuildFile; fileRef = 4889E0BC14AC11DF00067D66 /* MessageReader.m */; };
		48917C2B14A8682300C72AE9 /* FoodPage.m in Sources */ = {isa = PBXBuildFile; fileRef = 48917C2914A8682300C72AE9 /* FoodPage.m */; };
		48917C3314A86E0800C72AE9 /* FoodImageCell.m in Sources */ = {isa = PBXBuildFile; fileRef = 48917C3114A86E0800C72AE9 /* FoodImageCell.m */; };
		489313571499D124004A4250 /* UserInfoPage.m in Sources */ = {isa = PBXBuildFile; fileRef = 489313551499D124004A4250 /* UserInfoPage.m */; };
		48A4548B14BD336300E8FA58 /* FoodCommentMananger.m in Sources */ = {isa = PBXBuildFile; fileRef = 48A4548A14BD336300E8FA58 /* FoodCommentMananger.m */; };
		48AE48F314BED7C1002DA60D /* FoodTagCell.m in Sources */ = {isa = PBXBuildFile; fileRef = 48AE48F214BED7C1002DA60D /* FoodTagCell.m */; };
		48AE48F614BEDAB3002DA60D /* FourCountView.m in Sources */ = {isa = PBXBuildFile; fileRef = 48AE48F514BEDAB3002DA60D /* FourCountView.m */; };
		48AE490014BFEF11002DA60D /* tagIcon.png in Resources */ = {isa = PBXBuildFile; fileRef = 48AE48FF14BFEF11002DA60D /* tagIcon.png */; };
		48B0D07114C3C50200517100 /* CommentCell.m in Sources */ = {isa = PBXBuildFile; fileRef = 48B0D06814C3C50200517100 /* CommentCell.m */; };
		48B0D07214C3C50200517100 /* DescriptionCell.m in Sources */ = {isa = PBXBuildFile; fileRef = 48B0D06A14C3C50200517100 /* DescriptionCell.m */; };
		48B0D07314C3C50200517100 /* ImageV.m in Sources */ = {isa = PBXBuildFile; fileRef = 48B0D06C14C3C50200517100 /* ImageV.m */; };
		48B0D07414C3C50200517100 /* PhotoSelector.m in Sources */ = {isa = PBXBuildFile; fileRef = 48B0D06E14C3C50200517100 /* PhotoSelector.m */; };
		48B0D07514C3C50200517100 /* TriangleView.m in Sources */ = {isa = PBXBuildFile; fileRef = 48B0D07014C3C50200517100 /* TriangleView.m */; };
		48B0D0A814C5135A00517100 /* UIImage+Scale.m in Sources */ = {isa = PBXBuildFile; fileRef = 48B0D0A714C5135A00517100 /* UIImage+Scale.m */; };
		48B0D0AB14C55FC400517100 /* TextInputer.m in Sources */ = {isa = PBXBuildFile; fileRef = 48B0D0AA14C55FC300517100 /* TextInputer.m */; };
		48B0D0BA14C56CC500517100 /* TextFieldCell.m in Sources */ = {isa = PBXBuildFile; fileRef = 48B0D0B914C56CC500517100 /* TextFieldCell.m */; };
		48B76A6B14B874F400FD8646 /* Default.png in Resources */ = {isa = PBXBuildFile; fileRef = 48B76A6914B874F400FD8646 /* Default.png */; };
		48B76A6C14B874F400FD8646 /* Default@2x.png in Resources */ = {isa = PBXBuildFile; fileRef = 48B76A6A14B874F400FD8646 /* Default@2x.png */; };
		48B76A7114B8760700FD8646 /* ObjectManager.m in Sources */ = {isa = PBXBuildFile; fileRef = 48B76A7014B8760700FD8646 /* ObjectManager.m */; };
		48B76A7B14B9D3C600FD8646 /* EventManager.m in Sources */ = {isa = PBXBuildFile; fileRef = 48B76A7814B9D3C500FD8646 /* EventManager.m */; };
		48B76A7C14B9D3C600FD8646 /* ImageManager.m in Sources */ = {isa = PBXBuildFile; fileRef = 48B76A7A14B9D3C600FD8646 /* ImageManager.m */; };
		48B76A8414B9E51B00FD8646 /* LoginManager.m in Sources */ = {isa = PBXBuildFile; fileRef = 48B76A8314B9E51B00FD8646 /* LoginManager.m */; };
		48B9ED3E14AED60500046C26 /* HomePage.m in Sources */ = {isa = PBXBuildFile; fileRef = 48B9ED3D14AED60500046C26 /* HomePage.m */; };
		48B9ED4414AEE67700046C26 /* JSONKit.m in Sources */ = {isa = PBXBuildFile; fileRef = 48B9ED4214AEE67700046C26 /* JSONKit.m */; };
		48C21BE014CC17940025807F /* CreateFoodImage.m in Sources */ = {isa = PBXBuildFile; fileRef = 48C21BDD14CC17940025807F /* CreateFoodImage.m */; };
		48C21BE114CC17940025807F /* CreateFoodPage.m in Sources */ = {isa = PBXBuildFile; fileRef = 48C21BDF14CC17940025807F /* CreateFoodPage.m */; };
		48C21BE414CC17FB0025807F /* ShareNewEvent.m in Sources */ = {isa = PBXBuildFile; fileRef = 48C21BE314CC17FB0025807F /* ShareNewEvent.m */; };
		48C21BE814CC571B0025807F /* Icon@2x.png in Resources */ = {isa = PBXBuildFile; fileRef = 48C21BE714CC571B0025807F /* Icon@2x.png */; };
		48CE912314AD9D0B00B1E9D3 /* SDImageCache.m in Sources */ = {isa = PBXBuildFile; fileRef = 48CE910414AD9D0B00B1E9D3 /* SDImageCache.m */; };
		48CE912414AD9D0B00B1E9D3 /* SDNetworkActivityIndicator.m in Sources */ = {isa = PBXBuildFile; fileRef = 48CE910714AD9D0B00B1E9D3 /* SDNetworkActivityIndicator.m */; };
		48CE912514AD9D0B00B1E9D3 /* SDWebImageDecoder.m in Sources */ = {isa = PBXBuildFile; fileRef = 48CE910A14AD9D0B00B1E9D3 /* SDWebImageDecoder.m */; };
		48CE912614AD9D0B00B1E9D3 /* SDWebImageDownloader.m in Sources */ = {isa = PBXBuildFile; fileRef = 48CE910C14AD9D0B00B1E9D3 /* SDWebImageDownloader.m */; };
		48CE912714AD9D0B00B1E9D3 /* SDWebImageManager.m in Sources */ = {isa = PBXBuildFile; fileRef = 48CE910F14AD9D0B00B1E9D3 /* SDWebImageManager.m */; };
		48CE912814AD9D0B00B1E9D3 /* SDWebImagePrefetcher.m in Sources */ = {isa = PBXBuildFile; fileRef = 48CE911214AD9D0B00B1E9D3 /* SDWebImagePrefetcher.m */; };
		48CE912914AD9D0B00B1E9D3 /* UIButton+WebCache.m in Sources */ = {isa = PBXBuildFile; fileRef = 48CE911414AD9D0B00B1E9D3 /* UIButton+WebCache.m */; };
		48CE912A14AD9D0B00B1E9D3 /* UIImageView+WebCache.m in Sources */ = {isa = PBXBuildFile; fileRef = 48CE911614AD9D0B00B1E9D3 /* UIImageView+WebCache.m */; };
		48CE913414AD9DBE00B1E9D3 /* blackArrow.png in Resources */ = {isa = PBXBuildFile; fileRef = 48CE912C14AD9DBE00B1E9D3 /* blackArrow.png */; };
		48CE913514AD9DBE00B1E9D3 /* blackArrow@2x.png in Resources */ = {isa = PBXBuildFile; fileRef = 48CE912D14AD9DBE00B1E9D3 /* blackArrow@2x.png */; };
		48CE913614AD9DBE00B1E9D3 /* blueArrow.png in Resources */ = {isa = PBXBuildFile; fileRef = 48CE912E14AD9DBE00B1E9D3 /* blueArrow.png */; };
		48CE913714AD9DBE00B1E9D3 /* blueArrow@2x.png in Resources */ = {isa = PBXBuildFile; fileRef = 48CE912F14AD9DBE00B1E9D3 /* blueArrow@2x.png */; };
		48CE913814AD9DBE00B1E9D3 /* grayArrow.png in Resources */ = {isa = PBXBuildFile; fileRef = 48CE913014AD9DBE00B1E9D3 /* grayArrow.png */; };
		48CE913914AD9DBE00B1E9D3 /* grayArrow@2x.png in Resources */ = {isa = PBXBuildFile; fileRef = 48CE913114AD9DBE00B1E9D3 /* grayArrow@2x.png */; };
		48CE913A14AD9DBE00B1E9D3 /* whiteArrow.png in Resources */ = {isa = PBXBuildFile; fileRef = 48CE913214AD9DBE00B1E9D3 /* whiteArrow.png */; };
		48CE913B14AD9DBE00B1E9D3 /* whiteArrow@2x.png in Resources */ = {isa = PBXBuildFile; fileRef = 48CE913314AD9DBE00B1E9D3 /* whiteArrow@2x.png */; };
		48CE913F14AD9DD100B1E9D3 /* EGORefreshTableHeaderView.m in Sources */ = {isa = PBXBuildFile; fileRef = 48CE913E14AD9DD100B1E9D3 /* EGORefreshTableHeaderView.m */; };
		48CE914514ADA0A700B1E9D3 /* QuartzCore.framework in Frameworks */ = {isa = PBXBuildFile; fileRef = 48CE914414ADA0A700B1E9D3 /* QuartzCore.framework */; };
		48CE914714ADF06600B1E9D3 /* p_gray.gif in Resources */ = {isa = PBXBuildFile; fileRef = 48CE914614ADF06600B1E9D3 /* p_gray.gif */; };
		48D5C51414C018BA0089B6C8 /* MessageBinary.m in Sources */ = {isa = PBXBuildFile; fileRef = 48D5C51314C018BA0089B6C8 /* MessageBinary.m */; };
		48E2E18D14C6A7F000223175 /* FoodManager.m in Sources */ = {isa = PBXBuildFile; fileRef = 48E2E18C14C6A7F000223175 /* FoodManager.m */; };
		48E2E1D414C7B44600223175 /* HomePage.png in Resources */ = {isa = PBXBuildFile; fileRef = 48E2E1CA14C7B44600223175 /* HomePage.png */; };
		48E2E1D514C7B44600223175 /* HomePage@2x.png in Resources */ = {isa = PBXBuildFile; fileRef = 48E2E1CB14C7B44600223175 /* HomePage@2x.png */; };
		48E2E1D614C7B44600223175 /* More.png in Resources */ = {isa = PBXBuildFile; fileRef = 48E2E1CC14C7B44600223175 /* More.png */; };
		48E2E1D714C7B44600223175 /* More@2x.png in Resources */ = {isa = PBXBuildFile; fileRef = 48E2E1CD14C7B44600223175 /* More@2x.png */; };
		48E2E1D814C7B44600223175 /* Notice.png in Resources */ = {isa = PBXBuildFile; fileRef = 48E2E1CE14C7B44600223175 /* Notice.png */; };
		48E2E1D914C7B44600223175 /* Notice@2x.png in Resources */ = {isa = PBXBuildFile; fileRef = 48E2E1CF14C7B44600223175 /* Notice@2x.png */; };
		48E2E1DA14C7B44600223175 /* PrivateMessage.png in Resources */ = {isa = PBXBuildFile; fileRef = 48E2E1D014C7B44600223175 /* PrivateMessage.png */; };
		48E2E1DB14C7B44600223175 /* PrivateMessage@2x.png in Resources */ = {isa = PBXBuildFile; fileRef = 48E2E1D114C7B44600223175 /* PrivateMessage@2x.png */; };
		48E2E1DC14C7B44600223175 /* Share.png in Resources */ = {isa = PBXBuildFile; fileRef = 48E2E1D214C7B44600223175 /* Share.png */; };
		48E2E1DD14C7B44600223175 /* Share@2x.png in Resources */ = {isa = PBXBuildFile; fileRef = 48E2E1D314C7B44600223175 /* Share@2x.png */; };
		48E2E1F214C81A1D00223175 /* comIcon.png in Resources */ = {isa = PBXBuildFile; fileRef = 48E2E1F014C81A1D00223175 /* comIcon.png */; };
		48E2E1F314C81A1D00223175 /* comIcon@2x.png in Resources */ = {isa = PBXBuildFile; fileRef = 48E2E1F114C81A1D00223175 /* comIcon@2x.png */; };
		48E2E1F514C81A2A00223175 /* tagIcon@2x.png in Resources */ = {isa = PBXBuildFile; fileRef = 48E2E1F414C81A2A00223175 /* tagIcon@2x.png */; };
		48E2E1F814C9018600223175 /* ObjectSaver.m in Sources */ = {isa = PBXBuildFile; fileRef = 48E2E1F714C9018600223175 /* ObjectSaver.m */; };
		48E2E20614C9528F00223175 /* Icon.png in Resources */ = {isa = PBXBuildFile; fileRef = 48E2E20414C9528F00223175 /* Icon.png */; };
		48E2E20B14C95A6F00223175 /* Icon-72.png in Resources */ = {isa = PBXBuildFile; fileRef = 48E2E20A14C95A6F00223175 /* Icon-72.png */; };
		48E50D7B14C28EEA0091627F /* MessagePingPong.m in Sources */ = {isa = PBXBuildFile; fileRef = 48E50D7A14C28EEA0091627F /* MessagePingPong.m */; };
		48E50D7D14C291B70091627F /* MessageJson.m in Sources */ = {isa = PBXBuildFile; fileRef = 48E50D7C14C291B60091627F /* MessageJson.m */; };
		48EA6D5A14998A84008AE765 /* UIKit.framework in Frameworks */ = {isa = PBXBuildFile; fileRef = 48EA6D5914998A84008AE765 /* UIKit.framework */; };
		48EA6D5C14998A84008AE765 /* Foundation.framework in Frameworks */ = {isa = PBXBuildFile; fileRef = 48EA6D5B14998A84008AE765 /* Foundation.framework */; };
		48EA6D5E14998A84008AE765 /* CoreGraphics.framework in Frameworks */ = {isa = PBXBuildFile; fileRef = 48EA6D5D14998A84008AE765 /* CoreGraphics.framework */; };
		48EA6D6014998A84008AE765 /* CoreData.framework in Frameworks */ = {isa = PBXBuildFile; fileRef = 48EA6D5F14998A84008AE765 /* CoreData.framework */; };
		48EA6D6614998A84008AE765 /* InfoPlist.strings in Resources */ = {isa = PBXBuildFile; fileRef = 48EA6D6414998A84008AE765 /* InfoPlist.strings */; };
		48EA6D6814998A84008AE765 /* main.m in Sources */ = {isa = PBXBuildFile; fileRef = 48EA6D6714998A84008AE765 /* main.m */; };
		48EA6D6C14998A84008AE765 /* AppDelegate.m in Sources */ = {isa = PBXBuildFile; fileRef = 48EA6D6B14998A84008AE765 /* AppDelegate.m */; };
		48EA6D6F14998A85008AE765 /* Prototype.xcdatamodeld in Sources */ = {isa = PBXBuildFile; fileRef = 48EA6D6D14998A85008AE765 /* Prototype.xcdatamodeld */; };
		48EB985F14A0649600466A4E /* NetworkService.m in Sources */ = {isa = PBXBuildFile; fileRef = 48EB985E14A0649600466A4E /* NetworkService.m */; };
/* End PBXBuildFile section */

/* Begin PBXFileReference section */
		4820460514A41D7C001120C1 /* Util.h */ = {isa = PBXFileReference; fileEncoding = 4; lastKnownFileType = sourcecode.c.h; name = Util.h; path = Util/Util.h; sourceTree = "<group>"; };
		4820460614A41D7C001120C1 /* Util.m */ = {isa = PBXFileReference; fileEncoding = 4; lastKnownFileType = sourcecode.c.objc; name = Util.m; path = Util/Util.m; sourceTree = "<group>"; };
		4820461814A45E69001120C1 /* EventPage.h */ = {isa = PBXFileReference; fileEncoding = 4; lastKnownFileType = sourcecode.c.h; name = EventPage.h; path = View/Event/EventPage.h; sourceTree = "<group>"; };
		4820461914A45E69001120C1 /* EventPage.m */ = {isa = PBXFileReference; fileEncoding = 4; lastKnownFileType = sourcecode.c.objc; lineEnding = 0; name = EventPage.m; path = View/Event/EventPage.m; sourceTree = "<group>"; xcLanguageSpecificationIdentifier = xcode.lang.objc; };
		4832407914A9A4150084584F /* AvatorCell.h */ = {isa = PBXFileReference; fileEncoding = 4; lastKnownFileType = sourcecode.c.h; name = AvatorCell.h; path = View/UserInformation/AvatorCell.h; sourceTree = "<group>"; };
		4832407A14A9A4150084584F /* AvatorCell.m */ = {isa = PBXFileReference; fileEncoding = 4; lastKnownFileType = sourcecode.c.objc; name = AvatorCell.m; path = View/UserInformation/AvatorCell.m; sourceTree = "<group>"; };
		4832408714A9B9BC0084584F /* EventCell.h */ = {isa = PBXFileReference; fileEncoding = 4; lastKnownFileType = sourcecode.c.h; name = EventCell.h; path = View/Event/EventCell.h; sourceTree = "<group>"; };
		4832408814A9B9BC0084584F /* EventCell.m */ = {isa = PBXFileReference; fileEncoding = 4; lastKnownFileType = sourcecode.c.objc; name = EventCell.m; path = View/Event/EventCell.m; sourceTree = "<group>"; };
		487C95F614BA88C20075FFCD /* ProfileMananger.h */ = {isa = PBXFileReference; fileEncoding = 4; lastKnownFileType = sourcecode.c.h; path = ProfileMananger.h; sourceTree = "<group>"; };
		487C95F714BA88C20075FFCD /* ProfileMananger.m */ = {isa = PBXFileReference; fileEncoding = 4; lastKnownFileType = sourcecode.c.objc; path = ProfileMananger.m; sourceTree = "<group>"; };
		487C95FA14BAD1DD0075FFCD /* CommentManager.h */ = {isa = PBXFileReference; fileEncoding = 4; lastKnownFileType = sourcecode.c.h; path = CommentManager.h; sourceTree = "<group>"; };
		487C95FB14BAD1DD0075FFCD /* CommentManager.m */ = {isa = PBXFileReference; fileEncoding = 4; lastKnownFileType = sourcecode.c.objc; path = CommentManager.m; sourceTree = "<group>"; };
		487C95FD14BAEA420075FFCD /* ListObjectManager.h */ = {isa = PBXFileReference; fileEncoding = 4; lastKnownFileType = sourcecode.c.h; path = ListObjectManager.h; sourceTree = "<group>"; };
		487C95FE14BAEA420075FFCD /* ListObjectManager.m */ = {isa = PBXFileReference; fileEncoding = 4; lastKnownFileType = sourcecode.c.objc; path = ListObjectManager.m; sourceTree = "<group>"; };
		4889E0B814AC10FB00067D66 /* Message.h */ = {isa = PBXFileReference; fileEncoding = 4; lastKnownFileType = sourcecode.c.h; path = Message.h; sourceTree = "<group>"; };
		4889E0B914AC10FB00067D66 /* MessageWriter.m */ = {isa = PBXFileReference; fileEncoding = 4; lastKnownFileType = sourcecode.c.objc; path = MessageWriter.m; sourceTree = "<group>"; };
		4889E0BC14AC11DF00067D66 /* MessageReader.m */ = {isa = PBXFileReference; fileEncoding = 4; lastKnownFileType = sourcecode.c.objc; path = MessageReader.m; sourceTree = "<group>"; };
		48917C2814A8682300C72AE9 /* FoodPage.h */ = {isa = PBXFileReference; fileEncoding = 4; lastKnownFileType = sourcecode.c.h; name = FoodPage.h; path = View/Food/FoodPage.h; sourceTree = "<group>"; };
		48917C2914A8682300C72AE9 /* FoodPage.m */ = {isa = PBXFileReference; fileEncoding = 4; lastKnownFileType = sourcecode.c.objc; lineEnding = 0; name = FoodPage.m; path = View/Food/FoodPage.m; sourceTree = "<group>"; xcLanguageSpecificationIdentifier = xcode.lang.objc; };
		48917C3014A86E0800C72AE9 /* FoodImageCell.h */ = {isa = PBXFileReference; fileEncoding = 4; lastKnownFileType = sourcecode.c.h; name = FoodImageCell.h; path = View/Food/FoodImageCell.h; sourceTree = "<group>"; };
		48917C3114A86E0800C72AE9 /* FoodImageCell.m */ = {isa = PBXFileReference; fileEncoding = 4; lastKnownFileType = sourcecode.c.objc; name = FoodImageCell.m; path = View/Food/FoodImageCell.m; sourceTree = "<group>"; };
		489313541499D124004A4250 /* UserInfoPage.h */ = {isa = PBXFileReference; fileEncoding = 4; lastKnownFileType = sourcecode.c.h; name = UserInfoPage.h; path = View/UserInformation/UserInfoPage.h; sourceTree = "<group>"; };
		489313551499D124004A4250 /* UserInfoPage.m */ = {isa = PBXFileReference; fileEncoding = 4; lastKnownFileType = sourcecode.c.objc; name = UserInfoPage.m; path = View/UserInformation/UserInfoPage.m; sourceTree = "<group>"; };
		48A4548914BD336300E8FA58 /* FoodCommentMananger.h */ = {isa = PBXFileReference; fileEncoding = 4; lastKnownFileType = sourcecode.c.h; path = FoodCommentMananger.h; sourceTree = "<group>"; };
		48A4548A14BD336300E8FA58 /* FoodCommentMananger.m */ = {isa = PBXFileReference; fileEncoding = 4; lastKnownFileType = sourcecode.c.objc; path = FoodCommentMananger.m; sourceTree = "<group>"; };
		48AE48F114BED7C1002DA60D /* FoodTagCell.h */ = {isa = PBXFileReference; fileEncoding = 4; lastKnownFileType = sourcecode.c.h; name = FoodTagCell.h; path = View/Food/FoodTagCell.h; sourceTree = "<group>"; };
		48AE48F214BED7C1002DA60D /* FoodTagCell.m */ = {isa = PBXFileReference; fileEncoding = 4; lastKnownFileType = sourcecode.c.objc; name = FoodTagCell.m; path = View/Food/FoodTagCell.m; sourceTree = "<group>"; };
		48AE48F414BEDAB3002DA60D /* FourCountView.h */ = {isa = PBXFileReference; fileEncoding = 4; lastKnownFileType = sourcecode.c.h; name = FourCountView.h; path = View/Food/FourCountView.h; sourceTree = "<group>"; };
		48AE48F514BEDAB3002DA60D /* FourCountView.m */ = {isa = PBXFileReference; fileEncoding = 4; lastKnownFileType = sourcecode.c.objc; name = FourCountView.m; path = View/Food/FourCountView.m; sourceTree = "<group>"; };
		48AE48FF14BFEF11002DA60D /* tagIcon.png */ = {isa = PBXFileReference; lastKnownFileType = image.png; path = tagIcon.png; sourceTree = "<group>"; };
		48B0D06714C3C50200517100 /* CommentCell.h */ = {isa = PBXFileReference; fileEncoding = 4; lastKnownFileType = sourcecode.c.h; path = CommentCell.h; sourceTree = "<group>"; };
		48B0D06814C3C50200517100 /* CommentCell.m */ = {isa = PBXFileReference; fileEncoding = 4; lastKnownFileType = sourcecode.c.objc; path = CommentCell.m; sourceTree = "<group>"; };
		48B0D06914C3C50200517100 /* DescriptionCell.h */ = {isa = PBXFileReference; fileEncoding = 4; lastKnownFileType = sourcecode.c.h; path = DescriptionCell.h; sourceTree = "<group>"; };
		48B0D06A14C3C50200517100 /* DescriptionCell.m */ = {isa = PBXFileReference; fileEncoding = 4; lastKnownFileType = sourcecode.c.objc; path = DescriptionCell.m; sourceTree = "<group>"; };
		48B0D06B14C3C50200517100 /* ImageV.h */ = {isa = PBXFileReference; fileEncoding = 4; lastKnownFileType = sourcecode.c.h; path = ImageV.h; sourceTree = "<group>"; };
		48B0D06C14C3C50200517100 /* ImageV.m */ = {isa = PBXFileReference; fileEncoding = 4; lastKnownFileType = sourcecode.c.objc; path = ImageV.m; sourceTree = "<group>"; };
		48B0D06D14C3C50200517100 /* PhotoSelector.h */ = {isa = PBXFileReference; fileEncoding = 4; lastKnownFileType = sourcecode.c.h; path = PhotoSelector.h; sourceTree = "<group>"; };
		48B0D06E14C3C50200517100 /* PhotoSelector.m */ = {isa = PBXFileReference; fileEncoding = 4; lastKnownFileType = sourcecode.c.objc; path = PhotoSelector.m; sourceTree = "<group>"; };
		48B0D06F14C3C50200517100 /* TriangleView.h */ = {isa = PBXFileReference; fileEncoding = 4; lastKnownFileType = sourcecode.c.h; path = TriangleView.h; sourceTree = "<group>"; };
		48B0D07014C3C50200517100 /* TriangleView.m */ = {isa = PBXFileReference; fileEncoding = 4; lastKnownFileType = sourcecode.c.objc; path = TriangleView.m; sourceTree = "<group>"; };
		48B0D0A614C5135A00517100 /* UIImage+Scale.h */ = {isa = PBXFileReference; fileEncoding = 4; lastKnownFileType = sourcecode.c.h; name = "UIImage+Scale.h"; path = "Util/UIImage+Scale.h"; sourceTree = "<group>"; };
		48B0D0A714C5135A00517100 /* UIImage+Scale.m */ = {isa = PBXFileReference; fileEncoding = 4; lastKnownFileType = sourcecode.c.objc; name = "UIImage+Scale.m"; path = "Util/UIImage+Scale.m"; sourceTree = "<group>"; };
		48B0D0A914C55FC300517100 /* TextInputer.h */ = {isa = PBXFileReference; fileEncoding = 4; lastKnownFileType = sourcecode.c.h; path = TextInputer.h; sourceTree = "<group>"; };
		48B0D0AA14C55FC300517100 /* TextInputer.m */ = {isa = PBXFileReference; fileEncoding = 4; lastKnownFileType = sourcecode.c.objc; path = TextInputer.m; sourceTree = "<group>"; };
		48B0D0B814C56CC400517100 /* TextFieldCell.h */ = {isa = PBXFileReference; fileEncoding = 4; lastKnownFileType = sourcecode.c.h; path = TextFieldCell.h; sourceTree = "<group>"; };
		48B0D0B914C56CC500517100 /* TextFieldCell.m */ = {isa = PBXFileReference; fileEncoding = 4; lastKnownFileType = sourcecode.c.objc; path = TextFieldCell.m; sourceTree = "<group>"; };
		48B76A6914B874F400FD8646 /* Default.png */ = {isa = PBXFileReference; lastKnownFileType = image.png; path = Default.png; sourceTree = "<group>"; };
		48B76A6A14B874F400FD8646 /* Default@2x.png */ = {isa = PBXFileReference; lastKnownFileType = image.png; path = "Default@2x.png"; sourceTree = "<group>"; };
		48B76A6F14B8760700FD8646 /* ObjectManager.h */ = {isa = PBXFileReference; fileEncoding = 4; lastKnownFileType = sourcecode.c.h; path = ObjectManager.h; sourceTree = "<group>"; };
		48B76A7014B8760700FD8646 /* ObjectManager.m */ = {isa = PBXFileReference; fileEncoding = 4; lastKnownFileType = sourcecode.c.objc; path = ObjectManager.m; sourceTree = "<group>"; };
		48B76A7714B9D3C500FD8646 /* EventManager.h */ = {isa = PBXFileReference; fileEncoding = 4; lastKnownFileType = sourcecode.c.h; path = EventManager.h; sourceTree = "<group>"; };
		48B76A7814B9D3C500FD8646 /* EventManager.m */ = {isa = PBXFileReference; fileEncoding = 4; lastKnownFileType = sourcecode.c.objc; path = EventManager.m; sourceTree = "<group>"; };
		48B76A7914B9D3C600FD8646 /* ImageManager.h */ = {isa = PBXFileReference; fileEncoding = 4; lastKnownFileType = sourcecode.c.h; path = ImageManager.h; sourceTree = "<group>"; };
		48B76A7A14B9D3C600FD8646 /* ImageManager.m */ = {isa = PBXFileReference; fileEncoding = 4; lastKnownFileType = sourcecode.c.objc; path = ImageManager.m; sourceTree = "<group>"; };
		48B76A8214B9E51B00FD8646 /* LoginManager.h */ = {isa = PBXFileReference; fileEncoding = 4; lastKnownFileType = sourcecode.c.h; path = LoginManager.h; sourceTree = "<group>"; };
		48B76A8314B9E51B00FD8646 /* LoginManager.m */ = {isa = PBXFileReference; fileEncoding = 4; lastKnownFileType = sourcecode.c.objc; path = LoginManager.m; sourceTree = "<group>"; };
		48B9ED3C14AED60400046C26 /* HomePage.h */ = {isa = PBXFileReference; fileEncoding = 4; lastKnownFileType = sourcecode.c.h; name = HomePage.h; path = View/HomePage.h; sourceTree = "<group>"; };
		48B9ED3D14AED60500046C26 /* HomePage.m */ = {isa = PBXFileReference; fileEncoding = 4; lastKnownFileType = sourcecode.c.objc; name = HomePage.m; path = View/HomePage.m; sourceTree = "<group>"; };
		48B9ED4114AEE67700046C26 /* JSONKit.h */ = {isa = PBXFileReference; fileEncoding = 4; lastKnownFileType = sourcecode.c.h; path = JSONKit.h; sourceTree = "<group>"; };
		48B9ED4214AEE67700046C26 /* JSONKit.m */ = {isa = PBXFileReference; fileEncoding = 4; lastKnownFileType = sourcecode.c.objc; path = JSONKit.m; sourceTree = "<group>"; };
		48C21BDC14CC17940025807F /* CreateFoodImage.h */ = {isa = PBXFileReference; fileEncoding = 4; lastKnownFileType = sourcecode.c.h; path = CreateFoodImage.h; sourceTree = "<group>"; };
		48C21BDD14CC17940025807F /* CreateFoodImage.m */ = {isa = PBXFileReference; fileEncoding = 4; lastKnownFileType = sourcecode.c.objc; path = CreateFoodImage.m; sourceTree = "<group>"; };
		48C21BDE14CC17940025807F /* CreateFoodPage.h */ = {isa = PBXFileReference; fileEncoding = 4; lastKnownFileType = sourcecode.c.h; path = CreateFoodPage.h; sourceTree = "<group>"; };
		48C21BDF14CC17940025807F /* CreateFoodPage.m */ = {isa = PBXFileReference; fileEncoding = 4; lastKnownFileType = sourcecode.c.objc; path = CreateFoodPage.m; sourceTree = "<group>"; };
		48C21BE214CC17FB0025807F /* ShareNewEvent.h */ = {isa = PBXFileReference; fileEncoding = 4; lastKnownFileType = sourcecode.c.h; path = ShareNewEvent.h; sourceTree = "<group>"; };
		48C21BE314CC17FB0025807F /* ShareNewEvent.m */ = {isa = PBXFileReference; fileEncoding = 4; lastKnownFileType = sourcecode.c.objc; path = ShareNewEvent.m; sourceTree = "<group>"; };
		48C21BE714CC571B0025807F /* Icon@2x.png */ = {isa = PBXFileReference; lastKnownFileType = image.png; path = "Icon@2x.png"; sourceTree = "<group>"; };
		48CE910314AD9D0B00B1E9D3 /* SDImageCache.h */ = {isa = PBXFileReference; fileEncoding = 4; lastKnownFileType = sourcecode.c.h; path = SDImageCache.h; sourceTree = "<group>"; };
		48CE910414AD9D0B00B1E9D3 /* SDImageCache.m */ = {isa = PBXFileReference; fileEncoding = 4; lastKnownFileType = sourcecode.c.objc; path = SDImageCache.m; sourceTree = "<group>"; };
		48CE910514AD9D0B00B1E9D3 /* SDImageCacheDelegate.h */ = {isa = PBXFileReference; fileEncoding = 4; lastKnownFileType = sourcecode.c.h; path = SDImageCacheDelegate.h; sourceTree = "<group>"; };
		48CE910614AD9D0B00B1E9D3 /* SDNetworkActivityIndicator.h */ = {isa = PBXFileReference; fileEncoding = 4; lastKnownFileType = sourcecode.c.h; path = SDNetworkActivityIndicator.h; sourceTree = "<group>"; };
		48CE910714AD9D0B00B1E9D3 /* SDNetworkActivityIndicator.m */ = {isa = PBXFileReference; fileEncoding = 4; lastKnownFileType = sourcecode.c.objc; path = SDNetworkActivityIndicator.m; sourceTree = "<group>"; };
		48CE910814AD9D0B00B1E9D3 /* SDWebImageCompat.h */ = {isa = PBXFileReference; fileEncoding = 4; lastKnownFileType = sourcecode.c.h; path = SDWebImageCompat.h; sourceTree = "<group>"; };
		48CE910914AD9D0B00B1E9D3 /* SDWebImageDecoder.h */ = {isa = PBXFileReference; fileEncoding = 4; lastKnownFileType = sourcecode.c.h; path = SDWebImageDecoder.h; sourceTree = "<group>"; };
		48CE910A14AD9D0B00B1E9D3 /* SDWebImageDecoder.m */ = {isa = PBXFileReference; fileEncoding = 4; lastKnownFileType = sourcecode.c.objc; path = SDWebImageDecoder.m; sourceTree = "<group>"; };
		48CE910B14AD9D0B00B1E9D3 /* SDWebImageDownloader.h */ = {isa = PBXFileReference; fileEncoding = 4; lastKnownFileType = sourcecode.c.h; path = SDWebImageDownloader.h; sourceTree = "<group>"; };
		48CE910C14AD9D0B00B1E9D3 /* SDWebImageDownloader.m */ = {isa = PBXFileReference; fileEncoding = 4; lastKnownFileType = sourcecode.c.objc; path = SDWebImageDownloader.m; sourceTree = "<group>"; };
		48CE910D14AD9D0B00B1E9D3 /* SDWebImageDownloaderDelegate.h */ = {isa = PBXFileReference; fileEncoding = 4; lastKnownFileType = sourcecode.c.h; path = SDWebImageDownloaderDelegate.h; sourceTree = "<group>"; };
		48CE910E14AD9D0B00B1E9D3 /* SDWebImageManager.h */ = {isa = PBXFileReference; fileEncoding = 4; lastKnownFileType = sourcecode.c.h; path = SDWebImageManager.h; sourceTree = "<group>"; };
		48CE910F14AD9D0B00B1E9D3 /* SDWebImageManager.m */ = {isa = PBXFileReference; fileEncoding = 4; lastKnownFileType = sourcecode.c.objc; path = SDWebImageManager.m; sourceTree = "<group>"; };
		48CE911014AD9D0B00B1E9D3 /* SDWebImageManagerDelegate.h */ = {isa = PBXFileReference; fileEncoding = 4; lastKnownFileType = sourcecode.c.h; path = SDWebImageManagerDelegate.h; sourceTree = "<group>"; };
		48CE911114AD9D0B00B1E9D3 /* SDWebImagePrefetcher.h */ = {isa = PBXFileReference; fileEncoding = 4; lastKnownFileType = sourcecode.c.h; path = SDWebImagePrefetcher.h; sourceTree = "<group>"; };
		48CE911214AD9D0B00B1E9D3 /* SDWebImagePrefetcher.m */ = {isa = PBXFileReference; fileEncoding = 4; lastKnownFileType = sourcecode.c.objc; path = SDWebImagePrefetcher.m; sourceTree = "<group>"; };
		48CE911314AD9D0B00B1E9D3 /* UIButton+WebCache.h */ = {isa = PBXFileReference; fileEncoding = 4; lastKnownFileType = sourcecode.c.h; path = "UIButton+WebCache.h"; sourceTree = "<group>"; };
		48CE911414AD9D0B00B1E9D3 /* UIButton+WebCache.m */ = {isa = PBXFileReference; fileEncoding = 4; lastKnownFileType = sourcecode.c.objc; path = "UIButton+WebCache.m"; sourceTree = "<group>"; };
		48CE911514AD9D0B00B1E9D3 /* UIImageView+WebCache.h */ = {isa = PBXFileReference; fileEncoding = 4; lastKnownFileType = sourcecode.c.h; path = "UIImageView+WebCache.h"; sourceTree = "<group>"; };
		48CE911614AD9D0B00B1E9D3 /* UIImageView+WebCache.m */ = {isa = PBXFileReference; fileEncoding = 4; lastKnownFileType = sourcecode.c.objc; path = "UIImageView+WebCache.m"; sourceTree = "<group>"; };
		48CE912C14AD9DBE00B1E9D3 /* blackArrow.png */ = {isa = PBXFileReference; lastKnownFileType = image.png; path = blackArrow.png; sourceTree = "<group>"; };
		48CE912D14AD9DBE00B1E9D3 /* blackArrow@2x.png */ = {isa = PBXFileReference; lastKnownFileType = image.png; path = "blackArrow@2x.png"; sourceTree = "<group>"; };
		48CE912E14AD9DBE00B1E9D3 /* blueArrow.png */ = {isa = PBXFileReference; lastKnownFileType = image.png; path = blueArrow.png; sourceTree = "<group>"; };
		48CE912F14AD9DBE00B1E9D3 /* blueArrow@2x.png */ = {isa = PBXFileReference; lastKnownFileType = image.png; path = "blueArrow@2x.png"; sourceTree = "<group>"; };
		48CE913014AD9DBE00B1E9D3 /* grayArrow.png */ = {isa = PBXFileReference; lastKnownFileType = image.png; path = grayArrow.png; sourceTree = "<group>"; };
		48CE913114AD9DBE00B1E9D3 /* grayArrow@2x.png */ = {isa = PBXFileReference; lastKnownFileType = image.png; path = "grayArrow@2x.png"; sourceTree = "<group>"; };
		48CE913214AD9DBE00B1E9D3 /* whiteArrow.png */ = {isa = PBXFileReference; lastKnownFileType = image.png; path = whiteArrow.png; sourceTree = "<group>"; };
		48CE913314AD9DBE00B1E9D3 /* whiteArrow@2x.png */ = {isa = PBXFileReference; lastKnownFileType = image.png; path = "whiteArrow@2x.png"; sourceTree = "<group>"; };
		48CE913D14AD9DD100B1E9D3 /* EGORefreshTableHeaderView.h */ = {isa = PBXFileReference; fileEncoding = 4; lastKnownFileType = sourcecode.c.h; path = EGORefreshTableHeaderView.h; sourceTree = "<group>"; };
		48CE913E14AD9DD100B1E9D3 /* EGORefreshTableHeaderView.m */ = {isa = PBXFileReference; fileEncoding = 4; lastKnownFileType = sourcecode.c.objc; path = EGORefreshTableHeaderView.m; sourceTree = "<group>"; };
		48CE914414ADA0A700B1E9D3 /* QuartzCore.framework */ = {isa = PBXFileReference; lastKnownFileType = wrapper.framework; name = QuartzCore.framework; path = System/Library/Frameworks/QuartzCore.framework; sourceTree = SDKROOT; };
		48CE914614ADF06600B1E9D3 /* p_gray.gif */ = {isa = PBXFileReference; lastKnownFileType = image.gif; path = p_gray.gif; sourceTree = "<group>"; };
		48D5C51314C018BA0089B6C8 /* MessageBinary.m */ = {isa = PBXFileReference; fileEncoding = 4; lastKnownFileType = sourcecode.c.objc; path = MessageBinary.m; sourceTree = "<group>"; };
		48E2E18B14C6A7F000223175 /* FoodManager.h */ = {isa = PBXFileReference; fileEncoding = 4; lastKnownFileType = sourcecode.c.h; path = FoodManager.h; sourceTree = "<group>"; };
		48E2E18C14C6A7F000223175 /* FoodManager.m */ = {isa = PBXFileReference; fileEncoding = 4; lastKnownFileType = sourcecode.c.objc; path = FoodManager.m; sourceTree = "<group>"; };
		48E2E1CA14C7B44600223175 /* HomePage.png */ = {isa = PBXFileReference; lastKnownFileType = image.png; path = HomePage.png; sourceTree = "<group>"; };
		48E2E1CB14C7B44600223175 /* HomePage@2x.png */ = {isa = PBXFileReference; lastKnownFileType = image.png; path = "HomePage@2x.png"; sourceTree = "<group>"; };
		48E2E1CC14C7B44600223175 /* More.png */ = {isa = PBXFileReference; lastKnownFileType = image.png; path = More.png; sourceTree = "<group>"; };
		48E2E1CD14C7B44600223175 /* More@2x.png */ = {isa = PBXFileReference; lastKnownFileType = image.png; path = "More@2x.png"; sourceTree = "<group>"; };
		48E2E1CE14C7B44600223175 /* Notice.png */ = {isa = PBXFileReference; lastKnownFileType = image.png; path = Notice.png; sourceTree = "<group>"; };
		48E2E1CF14C7B44600223175 /* Notice@2x.png */ = {isa = PBXFileReference; lastKnownFileType = image.png; path = "Notice@2x.png"; sourceTree = "<group>"; };
		48E2E1D014C7B44600223175 /* PrivateMessage.png */ = {isa = PBXFileReference; lastKnownFileType = image.png; path = PrivateMessage.png; sourceTree = "<group>"; };
		48E2E1D114C7B44600223175 /* PrivateMessage@2x.png */ = {isa = PBXFileReference; lastKnownFileType = image.png; path = "PrivateMessage@2x.png"; sourceTree = "<group>"; };
		48E2E1D214C7B44600223175 /* Share.png */ = {isa = PBXFileReference; lastKnownFileType = image.png; path = Share.png; sourceTree = "<group>"; };
		48E2E1D314C7B44600223175 /* Share@2x.png */ = {isa = PBXFileReference; lastKnownFileType = image.png; path = "Share@2x.png"; sourceTree = "<group>"; };
		48E2E1F014C81A1D00223175 /* comIcon.png */ = {isa = PBXFileReference; lastKnownFileType = image.png; path = comIcon.png; sourceTree = "<group>"; };
		48E2E1F114C81A1D00223175 /* comIcon@2x.png */ = {isa = PBXFileReference; lastKnownFileType = image.png; path = "comIcon@2x.png"; sourceTree = "<group>"; };
		48E2E1F414C81A2A00223175 /* tagIcon@2x.png */ = {isa = PBXFileReference; lastKnownFileType = image.png; path = "tagIcon@2x.png"; sourceTree = "<group>"; };
		48E2E1F614C9018600223175 /* ObjectSaver.h */ = {isa = PBXFileReference; fileEncoding = 4; lastKnownFileType = sourcecode.c.h; path = ObjectSaver.h; sourceTree = "<group>"; };
		48E2E1F714C9018600223175 /* ObjectSaver.m */ = {isa = PBXFileReference; fileEncoding = 4; lastKnownFileType = sourcecode.c.objc; path = ObjectSaver.m; sourceTree = "<group>"; };
		48E2E20414C9528F00223175 /* Icon.png */ = {isa = PBXFileReference; lastKnownFileType = image.png; path = Icon.png; sourceTree = "<group>"; };
		48E2E20A14C95A6F00223175 /* Icon-72.png */ = {isa = PBXFileReference; lastKnownFileType = image.png; path = "Icon-72.png"; sourceTree = "<group>"; };
		48E50D7814C28E8B0091627F /* MessagePrivate.h */ = {isa = PBXFileReference; fileEncoding = 4; lastKnownFileType = sourcecode.c.h; path = MessagePrivate.h; sourceTree = "<group>"; };
		48E50D7A14C28EEA0091627F /* MessagePingPong.m */ = {isa = PBXFileReference; fileEncoding = 4; lastKnownFileType = sourcecode.c.objc; path = MessagePingPong.m; sourceTree = "<group>"; };
		48E50D7C14C291B60091627F /* MessageJson.m */ = {isa = PBXFileReference; fileEncoding = 4; lastKnownFileType = sourcecode.c.objc; path = MessageJson.m; sourceTree = "<group>"; };
		48EA6D5514998A84008AE765 /* 美食玩家_alpha.app */ = {isa = PBXFileReference; explicitFileType = wrapper.application; includeInIndex = 0; path = "美食玩家_alpha.app"; sourceTree = BUILT_PRODUCTS_DIR; };
		48EA6D5914998A84008AE765 /* UIKit.framework */ = {isa = PBXFileReference; lastKnownFileType = wrapper.framework; name = UIKit.framework; path = System/Library/Frameworks/UIKit.framework; sourceTree = SDKROOT; };
		48EA6D5B14998A84008AE765 /* Foundation.framework */ = {isa = PBXFileReference; lastKnownFileType = wrapper.framework; name = Foundation.framework; path = System/Library/Frameworks/Foundation.framework; sourceTree = SDKROOT; };
		48EA6D5D14998A84008AE765 /* CoreGraphics.framework */ = {isa = PBXFileReference; lastKnownFileType = wrapper.framework; name = CoreGraphics.framework; path = System/Library/Frameworks/CoreGraphics.framework; sourceTree = SDKROOT; };
		48EA6D5F14998A84008AE765 /* CoreData.framework */ = {isa = PBXFileReference; lastKnownFileType = wrapper.framework; name = CoreData.framework; path = System/Library/Frameworks/CoreData.framework; sourceTree = SDKROOT; };
		48EA6D6314998A84008AE765 /* Prototype-Info.plist */ = {isa = PBXFileReference; lastKnownFileType = text.plist.xml; path = "Prototype-Info.plist"; sourceTree = "<group>"; };
		48EA6D6514998A84008AE765 /* en */ = {isa = PBXFileReference; lastKnownFileType = text.plist.strings; name = en; path = en.lproj/InfoPlist.strings; sourceTree = "<group>"; };
		48EA6D6714998A84008AE765 /* main.m */ = {isa = PBXFileReference; lastKnownFileType = sourcecode.c.objc; path = main.m; sourceTree = "<group>"; };
		48EA6D6914998A84008AE765 /* Prototype-Prefix.pch */ = {isa = PBXFileReference; lastKnownFileType = sourcecode.c.h; path = "Prototype-Prefix.pch"; sourceTree = "<group>"; };
		48EA6D6A14998A84008AE765 /* AppDelegate.h */ = {isa = PBXFileReference; lastKnownFileType = sourcecode.c.h; path = AppDelegate.h; sourceTree = "<group>"; };
		48EA6D6B14998A84008AE765 /* AppDelegate.m */ = {isa = PBXFileReference; lastKnownFileType = sourcecode.c.objc; lineEnding = 0; path = AppDelegate.m; sourceTree = "<group>"; xcLanguageSpecificationIdentifier = xcode.lang.objc; };
		48EA6D6E14998A85008AE765 /* Prototype.xcdatamodel */ = {isa = PBXFileReference; lastKnownFileType = wrapper.xcdatamodel; path = Prototype.xcdatamodel; sourceTree = "<group>"; };
		48EB985D14A0649600466A4E /* NetworkService.h */ = {isa = PBXFileReference; fileEncoding = 4; lastKnownFileType = sourcecode.c.h; path = NetworkService.h; sourceTree = "<group>"; };
		48EB985E14A0649600466A4E /* NetworkService.m */ = {isa = PBXFileReference; fileEncoding = 4; lastKnownFileType = sourcecode.c.objc; path = NetworkService.m; sourceTree = "<group>"; };
/* End PBXFileReference section */

/* Begin PBXFrameworksBuildPhase section */
		48EA6D5214998A84008AE765 /* Frameworks */ = {
			isa = PBXFrameworksBuildPhase;
			buildActionMask = 2147483647;
			files = (
				48CE914514ADA0A700B1E9D3 /* QuartzCore.framework in Frameworks */,
				48EA6D5A14998A84008AE765 /* UIKit.framework in Frameworks */,
				48EA6D5C14998A84008AE765 /* Foundation.framework in Frameworks */,
				48EA6D5E14998A84008AE765 /* CoreGraphics.framework in Frameworks */,
				48EA6D6014998A84008AE765 /* CoreData.framework in Frameworks */,
			);
			runOnlyForDeploymentPostprocessing = 0;
		};
/* End PBXFrameworksBuildPhase section */

/* Begin PBXGroup section */
		4820460314A41C0D001120C1 /* Util */ = {
			isa = PBXGroup;
			children = (
				4820460514A41D7C001120C1 /* Util.h */,
				4820460614A41D7C001120C1 /* Util.m */,
				48B0D0A614C5135A00517100 /* UIImage+Scale.h */,
				48B0D0A714C5135A00517100 /* UIImage+Scale.m */,
			);
			name = Util;
			sourceTree = "<group>";
		};
		4820461514A44E83001120C1 /* Event */ = {
			isa = PBXGroup;
			children = (
				4820461814A45E69001120C1 /* EventPage.h */,
				4820461914A45E69001120C1 /* EventPage.m */,
				4832408714A9B9BC0084584F /* EventCell.h */,
				4832408814A9B9BC0084584F /* EventCell.m */,
			);
			name = Event;
			sourceTree = "<group>";
		};
		48917C2D14A8686E00C72AE9 /* Food */ = {
			isa = PBXGroup;
			children = (
				48917C2814A8682300C72AE9 /* FoodPage.h */,
				48917C2914A8682300C72AE9 /* FoodPage.m */,
				48917C3014A86E0800C72AE9 /* FoodImageCell.h */,
				48917C3114A86E0800C72AE9 /* FoodImageCell.m */,
				48AE48F114BED7C1002DA60D /* FoodTagCell.h */,
				48AE48F214BED7C1002DA60D /* FoodTagCell.m */,
				48AE48F414BEDAB3002DA60D /* FourCountView.h */,
				48AE48F514BEDAB3002DA60D /* FourCountView.m */,
			);
			name = Food;
			sourceTree = "<group>";
		};
		48B0D06614C3C50200517100 /* UtilView */ = {
			isa = PBXGroup;
			children = (
				48B0D06714C3C50200517100 /* CommentCell.h */,
				48B0D06814C3C50200517100 /* CommentCell.m */,
				48B0D06914C3C50200517100 /* DescriptionCell.h */,
				48B0D06A14C3C50200517100 /* DescriptionCell.m */,
				48B0D06B14C3C50200517100 /* ImageV.h */,
				48B0D06C14C3C50200517100 /* ImageV.m */,
				48B0D06D14C3C50200517100 /* PhotoSelector.h */,
				48B0D06E14C3C50200517100 /* PhotoSelector.m */,
				48B0D06F14C3C50200517100 /* TriangleView.h */,
				48B0D07014C3C50200517100 /* TriangleView.m */,
				48B0D0A914C55FC300517100 /* TextInputer.h */,
				48B0D0AA14C55FC300517100 /* TextInputer.m */,
				48B0D0B814C56CC400517100 /* TextFieldCell.h */,
				48B0D0B914C56CC500517100 /* TextFieldCell.m */,
			);
			name = UtilView;
			path = View/UtilView;
			sourceTree = "<group>";
		};
		48B76A6E14B875F200FD8646 /* ObjectManager */ = {
			isa = PBXGroup;
			children = (
				487C95FD14BAEA420075FFCD /* ListObjectManager.h */,
				487C95FE14BAEA420075FFCD /* ListObjectManager.m */,
				48B76A8214B9E51B00FD8646 /* LoginManager.h */,
				48B76A8314B9E51B00FD8646 /* LoginManager.m */,
				48B76A7714B9D3C500FD8646 /* EventManager.h */,
				48B76A7814B9D3C500FD8646 /* EventManager.m */,
				48B76A7914B9D3C600FD8646 /* ImageManager.h */,
				48B76A7A14B9D3C600FD8646 /* ImageManager.m */,
				48B76A6F14B8760700FD8646 /* ObjectManager.h */,
				48B76A7014B8760700FD8646 /* ObjectManager.m */,
				487C95F614BA88C20075FFCD /* ProfileMananger.h */,
				487C95F714BA88C20075FFCD /* ProfileMananger.m */,
				487C95FA14BAD1DD0075FFCD /* CommentManager.h */,
				487C95FB14BAD1DD0075FFCD /* CommentManager.m */,
				48A4548914BD336300E8FA58 /* FoodCommentMananger.h */,
				48A4548A14BD336300E8FA58 /* FoodCommentMananger.m */,
				48E2E18B14C6A7F000223175 /* FoodManager.h */,
				48E2E18C14C6A7F000223175 /* FoodManager.m */,
				48E2E1F614C9018600223175 /* ObjectSaver.h */,
				48E2E1F714C9018600223175 /* ObjectSaver.m */,
			);
			path = ObjectManager;
			sourceTree = "<group>";
		};
		48B9ED3F14AEE67700046C26 /* JSONKit */ = {
			isa = PBXGroup;
			children = (
				48B9ED4114AEE67700046C26 /* JSONKit.h */,
				48B9ED4214AEE67700046C26 /* JSONKit.m */,
			);
			path = JSONKit;
			sourceTree = "<group>";
		};
		48C21BDB14CC17940025807F /* ShareNewEvent */ = {
			isa = PBXGroup;
			children = (
				48C21BE214CC17FB0025807F /* ShareNewEvent.h */,
				48C21BE314CC17FB0025807F /* ShareNewEvent.m */,
				48C21BDC14CC17940025807F /* CreateFoodImage.h */,
				48C21BDD14CC17940025807F /* CreateFoodImage.m */,
				48C21BDE14CC17940025807F /* CreateFoodPage.h */,
				48C21BDF14CC17940025807F /* CreateFoodPage.m */,
			);
			name = ShareNewEvent;
			path = View/ShareNewEvent;
			sourceTree = "<group>";
		};
		48CE90E514AD9D0B00B1E9D3 /* ThirdParty */ = {
			isa = PBXGroup;
			children = (
				48B9ED3F14AEE67700046C26 /* JSONKit */,
				48CE913C14AD9DD100B1E9D3 /* EGOTableViewPullRefresh */,
				48CE910214AD9D0B00B1E9D3 /* SDWebImage */,
			);
			path = ThirdParty;
			sourceTree = "<group>";
		};
		48CE910214AD9D0B00B1E9D3 /* SDWebImage */ = {
			isa = PBXGroup;
			children = (
				48CE910314AD9D0B00B1E9D3 /* SDImageCache.h */,
				48CE910414AD9D0B00B1E9D3 /* SDImageCache.m */,
				48CE910514AD9D0B00B1E9D3 /* SDImageCacheDelegate.h */,
				48CE910614AD9D0B00B1E9D3 /* SDNetworkActivityIndicator.h */,
				48CE910714AD9D0B00B1E9D3 /* SDNetworkActivityIndicator.m */,
				48CE910814AD9D0B00B1E9D3 /* SDWebImageCompat.h */,
				48CE910914AD9D0B00B1E9D3 /* SDWebImageDecoder.h */,
				48CE910A14AD9D0B00B1E9D3 /* SDWebImageDecoder.m */,
				48CE910B14AD9D0B00B1E9D3 /* SDWebImageDownloader.h */,
				48CE910C14AD9D0B00B1E9D3 /* SDWebImageDownloader.m */,
				48CE910D14AD9D0B00B1E9D3 /* SDWebImageDownloaderDelegate.h */,
				48CE910E14AD9D0B00B1E9D3 /* SDWebImageManager.h */,
				48CE910F14AD9D0B00B1E9D3 /* SDWebImageManager.m */,
				48CE911014AD9D0B00B1E9D3 /* SDWebImageManagerDelegate.h */,
				48CE911114AD9D0B00B1E9D3 /* SDWebImagePrefetcher.h */,
				48CE911214AD9D0B00B1E9D3 /* SDWebImagePrefetcher.m */,
				48CE911314AD9D0B00B1E9D3 /* UIButton+WebCache.h */,
				48CE911414AD9D0B00B1E9D3 /* UIButton+WebCache.m */,
				48CE911514AD9D0B00B1E9D3 /* UIImageView+WebCache.h */,
				48CE911614AD9D0B00B1E9D3 /* UIImageView+WebCache.m */,
			);
			path = SDWebImage;
			sourceTree = "<group>";
		};
		48CE912B14AD9DBE00B1E9D3 /* Resource */ = {
			isa = PBXGroup;
			children = (
				48C21BE714CC571B0025807F /* Icon@2x.png */,
				48E2E20A14C95A6F00223175 /* Icon-72.png */,
				48E2E20414C9528F00223175 /* Icon.png */,
				48E2E1F014C81A1D00223175 /* comIcon.png */,
				48E2E1F114C81A1D00223175 /* comIcon@2x.png */,
				48E2E1C914C7B44600223175 /* IconForTab */,
				48AE48FF14BFEF11002DA60D /* tagIcon.png */,
				48E2E1F414C81A2A00223175 /* tagIcon@2x.png */,
				48B76A6914B874F400FD8646 /* Default.png */,
				48B76A6A14B874F400FD8646 /* Default@2x.png */,
				48CE914614ADF06600B1E9D3 /* p_gray.gif */,
				48CE912C14AD9DBE00B1E9D3 /* blackArrow.png */,
				48CE912D14AD9DBE00B1E9D3 /* blackArrow@2x.png */,
				48CE912E14AD9DBE00B1E9D3 /* blueArrow.png */,
				48CE912F14AD9DBE00B1E9D3 /* blueArrow@2x.png */,
				48CE913014AD9DBE00B1E9D3 /* grayArrow.png */,
				48CE913114AD9DBE00B1E9D3 /* grayArrow@2x.png */,
				48CE913214AD9DBE00B1E9D3 /* whiteArrow.png */,
				48CE913314AD9DBE00B1E9D3 /* whiteArrow@2x.png */,
			);
			path = Resource;
			sourceTree = "<group>";
		};
		48CE913C14AD9DD100B1E9D3 /* EGOTableViewPullRefresh */ = {
			isa = PBXGroup;
			children = (
				48CE913D14AD9DD100B1E9D3 /* EGORefreshTableHeaderView.h */,
				48CE913E14AD9DD100B1E9D3 /* EGORefreshTableHeaderView.m */,
			);
			path = EGOTableViewPullRefresh;
			sourceTree = "<group>";
		};
		48E2E1C914C7B44600223175 /* IconForTab */ = {
			isa = PBXGroup;
			children = (
				48E2E1CA14C7B44600223175 /* HomePage.png */,
				48E2E1CB14C7B44600223175 /* HomePage@2x.png */,
				48E2E1CC14C7B44600223175 /* More.png */,
				48E2E1CD14C7B44600223175 /* More@2x.png */,
				48E2E1CE14C7B44600223175 /* Notice.png */,
				48E2E1CF14C7B44600223175 /* Notice@2x.png */,
				48E2E1D014C7B44600223175 /* PrivateMessage.png */,
				48E2E1D114C7B44600223175 /* PrivateMessage@2x.png */,
				48E2E1D214C7B44600223175 /* Share.png */,
				48E2E1D314C7B44600223175 /* Share@2x.png */,
			);
			name = IconForTab;
			path = Resource/IconForTab;
			sourceTree = SOURCE_ROOT;
		};
		48EA6D4A14998A84008AE765 = {
			isa = PBXGroup;
			children = (
				48B76A6E14B875F200FD8646 /* ObjectManager */,
				48CE912B14AD9DBE00B1E9D3 /* Resource */,
				48CE90E514AD9D0B00B1E9D3 /* ThirdParty */,
				4820460314A41C0D001120C1 /* Util */,
				48EB985C14A0649600466A4E /* NetworkService */,
				48EA6D7514998AC3008AE765 /* View */,
				48EA6D6114998A84008AE765 /* Prototype */,
				48EA6D5814998A84008AE765 /* Frameworks */,
				48EA6D5614998A84008AE765 /* Products */,
			);
			sourceTree = "<group>";
		};
		48EA6D5614998A84008AE765 /* Products */ = {
			isa = PBXGroup;
			children = (
				48EA6D5514998A84008AE765 /* 美食玩家_alpha.app */,
			);
			name = Products;
			sourceTree = "<group>";
		};
		48EA6D5814998A84008AE765 /* Frameworks */ = {
			isa = PBXGroup;
			children = (
				48CE914414ADA0A700B1E9D3 /* QuartzCore.framework */,
				48EA6D5914998A84008AE765 /* UIKit.framework */,
				48EA6D5B14998A84008AE765 /* Foundation.framework */,
				48EA6D5D14998A84008AE765 /* CoreGraphics.framework */,
				48EA6D5F14998A84008AE765 /* CoreData.framework */,
			);
			name = Frameworks;
			sourceTree = "<group>";
		};
		48EA6D6114998A84008AE765 /* Prototype */ = {
			isa = PBXGroup;
			children = (
				48EA6D6A14998A84008AE765 /* AppDelegate.h */,
				48EA6D6B14998A84008AE765 /* AppDelegate.m */,
				48EA6D6D14998A85008AE765 /* Prototype.xcdatamodeld */,
				48EA6D6214998A84008AE765 /* Supporting Files */,
			);
			path = Prototype;
			sourceTree = "<group>";
		};
		48EA6D6214998A84008AE765 /* Supporting Files */ = {
			isa = PBXGroup;
			children = (
				48EA6D6314998A84008AE765 /* Prototype-Info.plist */,
				48EA6D6414998A84008AE765 /* InfoPlist.strings */,
				48EA6D6714998A84008AE765 /* main.m */,
				48EA6D6914998A84008AE765 /* Prototype-Prefix.pch */,
			);
			name = "Supporting Files";
			sourceTree = "<group>";
		};
		48EA6D7514998AC3008AE765 /* View */ = {
			isa = PBXGroup;
			children = (
				48C21BDB14CC17940025807F /* ShareNewEvent */,
				48B0D06614C3C50200517100 /* UtilView */,
				48917C2D14A8686E00C72AE9 /* Food */,
				4820461514A44E83001120C1 /* Event */,
				48EA6D7614998AD4008AE765 /* UserInformation */,
				48B9ED3C14AED60400046C26 /* HomePage.h */,
				48B9ED3D14AED60500046C26 /* HomePage.m */,
			);
			name = View;
			sourceTree = "<group>";
		};
		48EA6D7614998AD4008AE765 /* UserInformation */ = {
			isa = PBXGroup;
			children = (
				489313541499D124004A4250 /* UserInfoPage.h */,
				489313551499D124004A4250 /* UserInfoPage.m */,
				4832407914A9A4150084584F /* AvatorCell.h */,
				4832407A14A9A4150084584F /* AvatorCell.m */,
			);
			name = UserInformation;
			sourceTree = "<group>";
		};
		48EB985C14A0649600466A4E /* NetworkService */ = {
			isa = PBXGroup;
			children = (
				48EB985D14A0649600466A4E /* NetworkService.h */,
				48EB985E14A0649600466A4E /* NetworkService.m */,
				4889E0B814AC10FB00067D66 /* Message.h */,
				48E50D7A14C28EEA0091627F /* MessagePingPong.m */,
				48E50D7814C28E8B0091627F /* MessagePrivate.h */,
				4889E0B914AC10FB00067D66 /* MessageWriter.m */,
				4889E0BC14AC11DF00067D66 /* MessageReader.m */,
				48D5C51314C018BA0089B6C8 /* MessageBinary.m */,
				48E50D7C14C291B60091627F /* MessageJson.m */,
			);
			path = NetworkService;
			sourceTree = "<group>";
		};
/* End PBXGroup section */

/* Begin PBXNativeTarget section */
		48EA6D5414998A84008AE765 /* Prototype */ = {
			isa = PBXNativeTarget;
			buildConfigurationList = 48EA6D7214998A85008AE765 /* Build configuration list for PBXNativeTarget "Prototype" */;
			buildPhases = (
				48EA6D5114998A84008AE765 /* Sources */,
				48EA6D5214998A84008AE765 /* Frameworks */,
				48EA6D5314998A84008AE765 /* Resources */,
			);
			buildRules = (
			);
			dependencies = (
			);
			name = Prototype;
			productName = Prototype;
			productReference = 48EA6D5514998A84008AE765 /* 美食玩家_alpha.app */;
			productType = "com.apple.product-type.application";
		};
/* End PBXNativeTarget section */

/* Begin PBXProject section */
		48EA6D4C14998A84008AE765 /* Project object */ = {
			isa = PBXProject;
			attributes = {
				LastUpgradeCheck = 0420;
			};
			buildConfigurationList = 48EA6D4F14998A84008AE765 /* Build configuration list for PBXProject "Prototype" */;
			compatibilityVersion = "Xcode 3.2";
			developmentRegion = English;
			hasScannedForEncodings = 0;
			knownRegions = (
				en,
			);
			mainGroup = 48EA6D4A14998A84008AE765;
			productRefGroup = 48EA6D5614998A84008AE765 /* Products */;
			projectDirPath = "";
			projectRoot = "";
			targets = (
				48EA6D5414998A84008AE765 /* Prototype */,
			);
		};
/* End PBXProject section */

/* Begin PBXResourcesBuildPhase section */
		48EA6D5314998A84008AE765 /* Resources */ = {
			isa = PBXResourcesBuildPhase;
			buildActionMask = 2147483647;
			files = (
				48EA6D6614998A84008AE765 /* InfoPlist.strings in Resources */,
				48CE913414AD9DBE00B1E9D3 /* blackArrow.png in Resources */,
				48CE913514AD9DBE00B1E9D3 /* blackArrow@2x.png in Resources */,
				48CE913614AD9DBE00B1E9D3 /* blueArrow.png in Resources */,
				48CE913714AD9DBE00B1E9D3 /* blueArrow@2x.png in Resources */,
				48CE913814AD9DBE00B1E9D3 /* grayArrow.png in Resources */,
				48CE913914AD9DBE00B1E9D3 /* grayArrow@2x.png in Resources */,
				48CE913A14AD9DBE00B1E9D3 /* whiteArrow.png in Resources */,
				48CE913B14AD9DBE00B1E9D3 /* whiteArrow@2x.png in Resources */,
				48CE914714ADF06600B1E9D3 /* p_gray.gif in Resources */,
				48B76A6B14B874F400FD8646 /* Default.png in Resources */,
				48B76A6C14B874F400FD8646 /* Default@2x.png in Resources */,
				48AE490014BFEF11002DA60D /* tagIcon.png in Resources */,
				48E2E1D414C7B44600223175 /* HomePage.png in Resources */,
				48E2E1D514C7B44600223175 /* HomePage@2x.png in Resources */,
				48E2E1D614C7B44600223175 /* More.png in Resources */,
				48E2E1D714C7B44600223175 /* More@2x.png in Resources */,
				48E2E1D814C7B44600223175 /* Notice.png in Resources */,
				48E2E1D914C7B44600223175 /* Notice@2x.png in Resources */,
				48E2E1DA14C7B44600223175 /* PrivateMessage.png in Resources */,
				48E2E1DB14C7B44600223175 /* PrivateMessage@2x.png in Resources */,
				48E2E1DC14C7B44600223175 /* Share.png in Resources */,
				48E2E1DD14C7B44600223175 /* Share@2x.png in Resources */,
				48E2E1F214C81A1D00223175 /* comIcon.png in Resources */,
				48E2E1F314C81A1D00223175 /* comIcon@2x.png in Resources */,
				48E2E1F514C81A2A00223175 /* tagIcon@2x.png in Resources */,
				48E2E20614C9528F00223175 /* Icon.png in Resources */,
				48E2E20B14C95A6F00223175 /* Icon-72.png in Resources */,
				48C21BE814CC571B0025807F /* Icon@2x.png in Resources */,
			);
			runOnlyForDeploymentPostprocessing = 0;
		};
/* End PBXResourcesBuildPhase section */

/* Begin PBXSourcesBuildPhase section */
		48EA6D5114998A84008AE765 /* Sources */ = {
			isa = PBXSourcesBuildPhase;
			buildActionMask = 2147483647;
			files = (
				48EA6D6814998A84008AE765 /* main.m in Sources */,
				48EA6D6C14998A84008AE765 /* AppDelegate.m in Sources */,
				48EA6D6F14998A85008AE765 /* Prototype.xcdatamodeld in Sources */,
				489313571499D124004A4250 /* UserInfoPage.m in Sources */,
				48EB985F14A0649600466A4E /* NetworkService.m in Sources */,
				4820460714A41D7C001120C1 /* Util.m in Sources */,
				4820461C14A45E69001120C1 /* EventPage.m in Sources */,
				48917C2B14A8682300C72AE9 /* FoodPage.m in Sources */,
				48917C3314A86E0800C72AE9 /* FoodImageCell.m in Sources */,
				4832407C14A9A4150084584F /* AvatorCell.m in Sources */,
				4832408914A9B9BC0084584F /* EventCell.m in Sources */,
				4889E0BA14AC10FB00067D66 /* MessageWriter.m in Sources */,
				4889E0BD14AC11DF00067D66 /* MessageReader.m in Sources */,
				48CE912314AD9D0B00B1E9D3 /* SDImageCache.m in Sources */,
				48CE912414AD9D0B00B1E9D3 /* SDNetworkActivityIndicator.m in Sources */,
				48CE912514AD9D0B00B1E9D3 /* SDWebImageDecoder.m in Sources */,
				48CE912614AD9D0B00B1E9D3 /* SDWebImageDownloader.m in Sources */,
				48CE912714AD9D0B00B1E9D3 /* SDWebImageManager.m in Sources */,
				48CE912814AD9D0B00B1E9D3 /* SDWebImagePrefetcher.m in Sources */,
				48CE912914AD9D0B00B1E9D3 /* UIButton+WebCache.m in Sources */,
				48CE912A14AD9D0B00B1E9D3 /* UIImageView+WebCache.m in Sources */,
				48CE913F14AD9DD100B1E9D3 /* EGORefreshTableHeaderView.m in Sources */,
				48B9ED3E14AED60500046C26 /* HomePage.m in Sources */,
				48B9ED4414AEE67700046C26 /* JSONKit.m in Sources */,
				48B76A7114B8760700FD8646 /* ObjectManager.m in Sources */,
				48B76A7B14B9D3C600FD8646 /* EventManager.m in Sources */,
				48B76A7C14B9D3C600FD8646 /* ImageManager.m in Sources */,
				48B76A8414B9E51B00FD8646 /* LoginManager.m in Sources */,
				487C95F814BA88C20075FFCD /* ProfileMananger.m in Sources */,
				487C95FC14BAD1DD0075FFCD /* CommentManager.m in Sources */,
				487C95FF14BAEA420075FFCD /* ListObjectManager.m in Sources */,
				48A4548B14BD336300E8FA58 /* FoodCommentMananger.m in Sources */,
				48AE48F314BED7C1002DA60D /* FoodTagCell.m in Sources */,
				48AE48F614BEDAB3002DA60D /* FourCountView.m in Sources */,
				48D5C51414C018BA0089B6C8 /* MessageBinary.m in Sources */,
				48E50D7B14C28EEA0091627F /* MessagePingPong.m in Sources */,
				48E50D7D14C291B70091627F /* MessageJson.m in Sources */,
				48B0D07114C3C50200517100 /* CommentCell.m in Sources */,
				48B0D07214C3C50200517100 /* DescriptionCell.m in Sources */,
				48B0D07314C3C50200517100 /* ImageV.m in Sources */,
				48B0D07414C3C50200517100 /* PhotoSelector.m in Sources */,
				48B0D07514C3C50200517100 /* TriangleView.m in Sources */,
				48B0D0A814C5135A00517100 /* UIImage+Scale.m in Sources */,
				48B0D0AB14C55FC400517100 /* TextInputer.m in Sources */,
				48B0D0BA14C56CC500517100 /* TextFieldCell.m in Sources */,
				48E2E18D14C6A7F000223175 /* FoodManager.m in Sources */,
				48E2E1F814C9018600223175 /* ObjectSaver.m in Sources */,
				48C21BE014CC17940025807F /* CreateFoodImage.m in Sources */,
				48C21BE114CC17940025807F /* CreateFoodPage.m in Sources */,
				48C21BE414CC17FB0025807F /* ShareNewEvent.m in Sources */,
			);
			runOnlyForDeploymentPostprocessing = 0;
		};
/* End PBXSourcesBuildPhase section */

/* Begin PBXVariantGroup section */
		48EA6D6414998A84008AE765 /* InfoPlist.strings */ = {
			isa = PBXVariantGroup;
			children = (
				48EA6D6514998A84008AE765 /* en */,
			);
			name = InfoPlist.strings;
			sourceTree = "<group>";
		};
/* End PBXVariantGroup section */

/* Begin XCBuildConfiguration section */
		48EA6D7014998A85008AE765 /* Debug */ = {
			isa = XCBuildConfiguration;
			buildSettings = {
				ALWAYS_SEARCH_USER_PATHS = NO;
				ARCHS = (
					armv6,
					"$(ARCHS_STANDARD_32_BIT)",
				);
				"CODE_SIGN_IDENTITY[sdk=iphoneos*]" = "iPhone Developer";
				COPY_PHASE_STRIP = NO;
				GCC_C_LANGUAGE_STANDARD = gnu99;
				GCC_DYNAMIC_NO_PIC = NO;
				GCC_OPTIMIZATION_LEVEL = 0;
				GCC_PREPROCESSOR_DEFINITIONS = (
					"DEBUG=1",
					"$(inherited)",
				);
				GCC_SYMBOLS_PRIVATE_EXTERN = NO;
				GCC_VERSION = com.apple.compilers.llvm.clang.1_0;
				GCC_WARN_ABOUT_MISSING_PROTOTYPES = YES;
				GCC_WARN_ABOUT_RETURN_TYPE = YES;
				GCC_WARN_UNUSED_VARIABLE = YES;
				IPHONEOS_DEPLOYMENT_TARGET = 5.0;
				OTHER_LDFLAGS = "";
				PRODUCT_NAME = "美食玩家_Alpha";
				SDKROOT = iphoneos;
				TARGETED_DEVICE_FAMILY = "1,2";
			};
			name = Debug;
		};
		48EA6D7114998A85008AE765 /* Release */ = {
			isa = XCBuildConfiguration;
			buildSettings = {
				ALWAYS_SEARCH_USER_PATHS = NO;
				ARCHS = (
					armv6,
					"$(ARCHS_STANDARD_32_BIT)",
				);
				"CODE_SIGN_IDENTITY[sdk=iphoneos*]" = "iPhone Developer";
				COPY_PHASE_STRIP = YES;
				GCC_C_LANGUAGE_STANDARD = gnu99;
				GCC_VERSION = com.apple.compilers.llvm.clang.1_0;
				GCC_WARN_ABOUT_MISSING_PROTOTYPES = YES;
				GCC_WARN_ABOUT_RETURN_TYPE = YES;
				GCC_WARN_UNUSED_VARIABLE = YES;
				IPHONEOS_DEPLOYMENT_TARGET = 5.0;
				OTHER_CFLAGS = "-DNS_BLOCK_ASSERTIONS=1";
				OTHER_LDFLAGS = "";
				PRODUCT_NAME = "美食玩家";
				SDKROOT = iphoneos;
				TARGETED_DEVICE_FAMILY = "1,2";
				VALIDATE_PRODUCT = YES;
			};
			name = Release;
		};
		48EA6D7314998A85008AE765 /* Debug */ = {
			isa = XCBuildConfiguration;
			buildSettings = {
				GCC_PRECOMPILE_PREFIX_HEADER = YES;
				GCC_PREFIX_HEADER = "Prototype/Prototype-Prefix.pch";
				INFOPLIST_FILE = "Prototype/Prototype-Info.plist";
				IPHONEOS_DEPLOYMENT_TARGET = 3.0;
				OTHER_LDFLAGS = "";
				PRODUCT_NAME = "美食玩家_alpha";
				TARGETED_DEVICE_FAMILY = "1,2";
				WRAPPER_EXTENSION = app;
			};
			name = Debug;
		};
		48EA6D7414998A85008AE765 /* Release */ = {
			isa = XCBuildConfiguration;
			buildSettings = {
				GCC_PRECOMPILE_PREFIX_HEADER = YES;
				GCC_PREFIX_HEADER = "Prototype/Prototype-Prefix.pch";
				INFOPLIST_FILE = "Prototype/Prototype-Info.plist";
				IPHONEOS_DEPLOYMENT_TARGET = 3.0;
				OTHER_LDFLAGS = "";
				PRODUCT_NAME = "美食玩家";
				TARGETED_DEVICE_FAMILY = "1,2";
				WRAPPER_EXTENSION = app;
			};
			name = Release;
		};
/* End XCBuildConfiguration section */

/* Begin XCConfigurationList section */
		48EA6D4F14998A84008AE765 /* Build configuration list for PBXProject "Prototype" */ = {
			isa = XCConfigurationList;
			buildConfigurations = (
				48EA6D7014998A85008AE765 /* Debug */,
				48EA6D7114998A85008AE765 /* Release */,
			);
			defaultConfigurationIsVisible = 0;
			defaultConfigurationName = Release;
		};
		48EA6D7214998A85008AE765 /* Build configuration list for PBXNativeTarget "Prototype" */ = {
			isa = XCConfigurationList;
			buildConfigurations = (
				48EA6D7314998A85008AE765 /* Debug */,
				48EA6D7414998A85008AE765 /* Release */,
			);
			defaultConfigurationIsVisible = 0;
			defaultConfigurationName = Release;
		};
/* End XCConfigurationList section */

/* Begin XCVersionGroup section */
		48EA6D6D14998A85008AE765 /* Prototype.xcdatamodeld */ = {
			isa = XCVersionGroup;
			children = (
				48EA6D6E14998A85008AE765 /* Prototype.xcdatamodel */,
			);
			currentVersion = 48EA6D6E14998A85008AE765 /* Prototype.xcdatamodel */;
			path = Prototype.xcdatamodeld;
			sourceTree = "<group>";
			versionGroupType = wrapper.xcdatamodel;
		};
/* End XCVersionGroup section */
	};
	rootObject = 48EA6D4C14998A84008AE765 /* Project object */;
}
